// !$*UTF8*$!
{
	archiveVersion = 1;
	classes = {
	};
	objectVersion = 55;
	objects = {

/* Begin PBXBuildFile section */
		410571BE2894587B0071E3E4 /* ProjectsViewModel.swift in Sources */ = {isa = PBXBuildFile; fileRef = 410571BD2894587B0071E3E4 /* ProjectsViewModel.swift */; };
		410983DF286CC94E00745B84 /* Sequence-Sorting.swift in Sources */ = {isa = PBXBuildFile; fileRef = 410983DE286CC94E00745B84 /* Sequence-Sorting.swift */; };
		4110279F2891D1850084B93F /* PerformanceTests.swift in Sources */ = {isa = PBXBuildFile; fileRef = 4110279E2891D1850084B93F /* PerformanceTests.swift */; };
		411027A72891DB7A0084B93F /* DailyFocusUITests.swift in Sources */ = {isa = PBXBuildFile; fileRef = 411027A62891DB7A0084B93F /* DailyFocusUITests.swift */; };
		411027A92891DB7A0084B93F /* DailyFocusUITestsLaunchTests.swift in Sources */ = {isa = PBXBuildFile; fileRef = 411027A82891DB7A0084B93F /* DailyFocusUITestsLaunchTests.swift */; };
		41108B6C28A042510090C5A5 /* UnlockManager.swift in Sources */ = {isa = PBXBuildFile; fileRef = 41108B6B28A042510090C5A5 /* UnlockManager.swift */; };
		41108B6F28A16FFA0090C5A5 /* SKProduct-LocalizedPrice.swift in Sources */ = {isa = PBXBuildFile; fileRef = 41108B6E28A16FFA0090C5A5 /* SKProduct-LocalizedPrice.swift */; };
		41108B7128A185C20090C5A5 /* PurchaseButton.swift in Sources */ = {isa = PBXBuildFile; fileRef = 41108B7028A185C10090C5A5 /* PurchaseButton.swift */; };
		41108B7528A190CD0090C5A5 /* ProductView.swift in Sources */ = {isa = PBXBuildFile; fileRef = 41108B7428A190CD0090C5A5 /* ProductView.swift */; };
		41108B7728A192950090C5A5 /* UnlockView.swift in Sources */ = {isa = PBXBuildFile; fileRef = 41108B7628A192950090C5A5 /* UnlockView.swift */; };
		41108B7A28A2A2E90090C5A5 /* AppDelegate.swift in Sources */ = {isa = PBXBuildFile; fileRef = 41108B7928A2A2E90090C5A5 /* AppDelegate.swift */; };
		41108B7C28A2A2FF0090C5A5 /* SceneDelegate.swift in Sources */ = {isa = PBXBuildFile; fileRef = 41108B7B28A2A2FF0090C5A5 /* SceneDelegate.swift */; };
		41108B9428A3F08B0090C5A5 /* DataController-Reminders.swift in Sources */ = {isa = PBXBuildFile; fileRef = 41108B9328A3F08B0090C5A5 /* DataController-Reminders.swift */; };
		41108B9628A3F4420090C5A5 /* DataController-Awards.swift in Sources */ = {isa = PBXBuildFile; fileRef = 41108B9528A3F4420090C5A5 /* DataController-Awards.swift */; };
		41256DB8288AFC94003C379A /* ExtensionTests.swift in Sources */ = {isa = PBXBuildFile; fileRef = 41256DB7288AFC94003C379A /* ExtensionTests.swift */; };
		41449FDA289956ED00DD6C3E /* HomeViewModel.swift in Sources */ = {isa = PBXBuildFile; fileRef = 41449FD9289956ED00DD6C3E /* HomeViewModel.swift */; };
		41449FDC289978BB00DD6C3E /* ItemRowViewModel.swift in Sources */ = {isa = PBXBuildFile; fileRef = 41449FDB289978BB00DD6C3E /* ItemRowViewModel.swift */; };
		4146F519287C6220007680E2 /* Color-Additions.swift in Sources */ = {isa = PBXBuildFile; fileRef = 4146F518287C621F007680E2 /* Color-Additions.swift */; };
		4147C553285B5870001CE424 /* EditItemView.swift in Sources */ = {isa = PBXBuildFile; fileRef = 4147C552285B5870001CE424 /* EditItemView.swift */; };
		4147C555285B62C0001CE424 /* ItemRowView.swift in Sources */ = {isa = PBXBuildFile; fileRef = 4147C554285B62C0001CE424 /* ItemRowView.swift */; };
		4147C557285B6901001CE424 /* Binding-OnChange.swift in Sources */ = {isa = PBXBuildFile; fileRef = 4147C556285B6901001CE424 /* Binding-OnChange.swift */; };
		415F662D2885E5780029F1D4 /* ItemListView.swift in Sources */ = {isa = PBXBuildFile; fileRef = 415F662C2885E5770029F1D4 /* ItemListView.swift */; };
		415F662F2885E9A60029F1D4 /* ProjectSummaryView.swift in Sources */ = {isa = PBXBuildFile; fileRef = 415F662E2885E9A60029F1D4 /* ProjectSummaryView.swift */; };
		416E9305285CA98200188473 /* ProjectHeaderView.swift in Sources */ = {isa = PBXBuildFile; fileRef = 416E9304285CA98200188473 /* ProjectHeaderView.swift */; };
		416E9307285CAEEC00188473 /* Colors.xcassets in Resources */ = {isa = PBXBuildFile; fileRef = 416E9306285CAEEC00188473 /* Colors.xcassets */; };
		416E9309285CB53500188473 /* EditProjectView.swift in Sources */ = {isa = PBXBuildFile; fileRef = 416E9308285CB53500188473 /* EditProjectView.swift */; };
		4176490B288988E300A7613F /* DevelopmentTests.swift in Sources */ = {isa = PBXBuildFile; fileRef = 4176490A288988E300A7613F /* DevelopmentTests.swift */; };
		417FE13A2888528500F23E2E /* DailyFocusTests.swift in Sources */ = {isa = PBXBuildFile; fileRef = 417FE1392888528500F23E2E /* DailyFocusTests.swift */; };
		417FE141288861A900F23E2E /* AssetTests.swift in Sources */ = {isa = PBXBuildFile; fileRef = 417FE140288861A900F23E2E /* AssetTests.swift */; };
		417FE1432888643E00F23E2E /* ProjectTests.swift in Sources */ = {isa = PBXBuildFile; fileRef = 417FE1422888643E00F23E2E /* ProjectTests.swift */; };
		417FE14528887E5400F23E2E /* AwardsTests.swift in Sources */ = {isa = PBXBuildFile; fileRef = 417FE14428887E5400F23E2E /* AwardsTests.swift */; };
		4183B64A28808B32002A78A2 /* Localizable.strings in Resources */ = {isa = PBXBuildFile; fileRef = 4183B64C28808B32002A78A2 /* Localizable.strings */; };
		4183B64D28808C22002A78A2 /* Localizable.stringsdict in Resources */ = {isa = PBXBuildFile; fileRef = 4183B64F28808C22002A78A2 /* Localizable.stringsdict */; };
		4183B65028809AEE002A78A2 /* Awards.json in Resources */ = {isa = PBXBuildFile; fileRef = 4183B65228809AEE002A78A2 /* Awards.json */; };
		419158AB2850F5AE006A77CE /* ProjectsView.swift in Sources */ = {isa = PBXBuildFile; fileRef = 419158AA2850F5AE006A77CE /* ProjectsView.swift */; };
		419307DC2877424500D172E7 /* Bundle-Decodable.swfit.swift in Sources */ = {isa = PBXBuildFile; fileRef = 419307DB2877424500D172E7 /* Bundle-Decodable.swfit.swift */; };
		419307E028775B5500D172E7 /* Award.swift in Sources */ = {isa = PBXBuildFile; fileRef = 419307DF28775B5500D172E7 /* Award.swift */; };
		419307E228775C4700D172E7 /* AwardsView.swift in Sources */ = {isa = PBXBuildFile; fileRef = 419307E128775C4700D172E7 /* AwardsView.swift */; };
		41953014284FC5E100EDF104 /* DailyFocusApp.swift in Sources */ = {isa = PBXBuildFile; fileRef = 41953013284FC5E100EDF104 /* DailyFocusApp.swift */; };
		41953016284FC5E100EDF104 /* ContentView.swift in Sources */ = {isa = PBXBuildFile; fileRef = 41953015284FC5E100EDF104 /* ContentView.swift */; };
		41953018284FC5EB00EDF104 /* Assets.xcassets in Resources */ = {isa = PBXBuildFile; fileRef = 41953017284FC5EB00EDF104 /* Assets.xcassets */; };
		4195301B284FC5EB00EDF104 /* Preview Assets.xcassets in Resources */ = {isa = PBXBuildFile; fileRef = 4195301A284FC5EB00EDF104 /* Preview Assets.xcassets */; };
		41953023284FCFB800EDF104 /* Main.xcdatamodeld in Sources */ = {isa = PBXBuildFile; fileRef = 41953021284FCFB500EDF104 /* Main.xcdatamodeld */; };
		41953025284FD44000EDF104 /* DataController.swift in Sources */ = {isa = PBXBuildFile; fileRef = 41953024284FD43F00EDF104 /* DataController.swift */; };
		4195302A284FE07100EDF104 /* CloudKit.framework in Frameworks */ = {isa = PBXBuildFile; fileRef = 41953029284FE07100EDF104 /* CloudKit.framework */; };
		4198FDDA2859F8C500A5EAF7 /* Item-CoreDataHelpers.swift in Sources */ = {isa = PBXBuildFile; fileRef = 4198FDD92859F8C500A5EAF7 /* Item-CoreDataHelpers.swift */; };
		4198FDDC2859FFB300A5EAF7 /* Project-CoreDataHelpers.swift in Sources */ = {isa = PBXBuildFile; fileRef = 4198FDDB2859FFB300A5EAF7 /* Project-CoreDataHelpers.swift */; };
		419B2CF72876229000E45522 /* SelectSomethingView.swift in Sources */ = {isa = PBXBuildFile; fileRef = 419B2CF62876228F00E45522 /* SelectSomethingView.swift */; };
		41A470F02850EA4000062DA7 /* HomeView.swift in Sources */ = {isa = PBXBuildFile; fileRef = 41A470EF2850EA4000062DA7 /* HomeView.swift */; };
		41C439A9288FFA0900EE05B5 /* DecodableDictionary.json in Resources */ = {isa = PBXBuildFile; fileRef = 41C439A8288FFA0900EE05B5 /* DecodableDictionary.json */; };
		41C439AB288FFAB300EE05B5 /* DecodableString.json in Resources */ = {isa = PBXBuildFile; fileRef = 41C439AA288FFAB300EE05B5 /* DecodableString.json */; };
		4D2239D929431ADA000BA256 /* WidgetKit.framework in Frameworks */ = {isa = PBXBuildFile; fileRef = 41108B8228A3EAF90090C5A5 /* WidgetKit.framework */; };
		4D2239DA29431ADA000BA256 /* SwiftUI.framework in Frameworks */ = {isa = PBXBuildFile; fileRef = 41108B8428A3EAF90090C5A5 /* SwiftUI.framework */; };
		4D2239DD29431ADA000BA256 /* DailyFocusWidgetBundle.swift in Sources */ = {isa = PBXBuildFile; fileRef = 4D2239DC29431ADA000BA256 /* DailyFocusWidgetBundle.swift */; };
		4D2239DF29431ADA000BA256 /* DailyFocusWidgetLiveActivity.swift in Sources */ = {isa = PBXBuildFile; fileRef = 4D2239DE29431ADA000BA256 /* DailyFocusWidgetLiveActivity.swift */; };
		4D2239E129431ADA000BA256 /* DailyFocusWidget.swift in Sources */ = {isa = PBXBuildFile; fileRef = 4D2239E029431ADA000BA256 /* DailyFocusWidget.swift */; };
		4D2239E329431ADB000BA256 /* Assets.xcassets in Resources */ = {isa = PBXBuildFile; fileRef = 4D2239E229431ADB000BA256 /* Assets.xcassets */; };
		4D2239E729431ADB000BA256 /* DailyFocusWidgetExtension.appex in Embed Foundation Extensions */ = {isa = PBXBuildFile; fileRef = 4D2239D829431ADA000BA256 /* DailyFocusWidgetExtension.appex */; settings = {ATTRIBUTES = (RemoveHeadersOnCopy, ); }; };
		4D2239EB2943214E000BA256 /* Main.xcdatamodeld in Sources */ = {isa = PBXBuildFile; fileRef = 41953021284FCFB500EDF104 /* Main.xcdatamodeld */; };
		4D2239EC2943217C000BA256 /* Item-CoreDataHelpers.swift in Sources */ = {isa = PBXBuildFile; fileRef = 4198FDD92859F8C500A5EAF7 /* Item-CoreDataHelpers.swift */; };
		4D2239ED29432189000BA256 /* DataController.swift in Sources */ = {isa = PBXBuildFile; fileRef = 41953024284FD43F00EDF104 /* DataController.swift */; };
		4D35F1C5294A8FD900930E6E /* DataProvider.swift in Sources */ = {isa = PBXBuildFile; fileRef = 4D35F1C4294A8FD900930E6E /* DataProvider.swift */; };
/* End PBXBuildFile section */

/* Begin PBXContainerItemProxy section */
		411027AA2891DB7A0084B93F /* PBXContainerItemProxy */ = {
			isa = PBXContainerItemProxy;
			containerPortal = 41953008284FC5E000EDF104 /* Project object */;
			proxyType = 1;
			remoteGlobalIDString = 4195300F284FC5E100EDF104;
			remoteInfo = DailyFocus;
		};
		417FE13B2888528500F23E2E /* PBXContainerItemProxy */ = {
			isa = PBXContainerItemProxy;
			containerPortal = 41953008284FC5E000EDF104 /* Project object */;
			proxyType = 1;
			remoteGlobalIDString = 4195300F284FC5E100EDF104;
			remoteInfo = DailyFocus;
		};
		4D2239E529431ADB000BA256 /* PBXContainerItemProxy */ = {
			isa = PBXContainerItemProxy;
			containerPortal = 41953008284FC5E000EDF104 /* Project object */;
			proxyType = 1;
			remoteGlobalIDString = 4D2239D729431ADA000BA256;
			remoteInfo = DailyFocusWidgetExtension;
		};
/* End PBXContainerItemProxy section */

/* Begin PBXCopyFilesBuildPhase section */
		41108B9228A3EB020090C5A5 /* Embed Foundation Extensions */ = {
			isa = PBXCopyFilesBuildPhase;
			buildActionMask = 2147483647;
			dstPath = "";
			dstSubfolderSpec = 13;
			files = (
				4D2239E729431ADB000BA256 /* DailyFocusWidgetExtension.appex in Embed Foundation Extensions */,
			);
			name = "Embed Foundation Extensions";
			runOnlyForDeploymentPostprocessing = 0;
		};
/* End PBXCopyFilesBuildPhase section */

/* Begin PBXFileReference section */
		410571BD2894587B0071E3E4 /* ProjectsViewModel.swift */ = {isa = PBXFileReference; lastKnownFileType = sourcecode.swift; path = ProjectsViewModel.swift; sourceTree = "<group>"; };
		410983DE286CC94E00745B84 /* Sequence-Sorting.swift */ = {isa = PBXFileReference; lastKnownFileType = sourcecode.swift; path = "Sequence-Sorting.swift"; sourceTree = "<group>"; };
		4110279E2891D1850084B93F /* PerformanceTests.swift */ = {isa = PBXFileReference; lastKnownFileType = sourcecode.swift; path = PerformanceTests.swift; sourceTree = "<group>"; };
		411027A42891DB7A0084B93F /* DailyFocusUITests.xctest */ = {isa = PBXFileReference; explicitFileType = wrapper.cfbundle; includeInIndex = 0; path = DailyFocusUITests.xctest; sourceTree = BUILT_PRODUCTS_DIR; };
		411027A62891DB7A0084B93F /* DailyFocusUITests.swift */ = {isa = PBXFileReference; lastKnownFileType = sourcecode.swift; path = DailyFocusUITests.swift; sourceTree = "<group>"; };
		411027A82891DB7A0084B93F /* DailyFocusUITestsLaunchTests.swift */ = {isa = PBXFileReference; lastKnownFileType = sourcecode.swift; path = DailyFocusUITestsLaunchTests.swift; sourceTree = "<group>"; };
		41108B6B28A042510090C5A5 /* UnlockManager.swift */ = {isa = PBXFileReference; lastKnownFileType = sourcecode.swift; path = UnlockManager.swift; sourceTree = "<group>"; };
		41108B6D28A0443C0090C5A5 /* Configuration.storekit */ = {isa = PBXFileReference; lastKnownFileType = text; path = Configuration.storekit; sourceTree = "<group>"; };
		41108B6E28A16FFA0090C5A5 /* SKProduct-LocalizedPrice.swift */ = {isa = PBXFileReference; lastKnownFileType = sourcecode.swift; path = "SKProduct-LocalizedPrice.swift"; sourceTree = "<group>"; };
		41108B7028A185C10090C5A5 /* PurchaseButton.swift */ = {isa = PBXFileReference; lastKnownFileType = sourcecode.swift; path = PurchaseButton.swift; sourceTree = "<group>"; };
		41108B7428A190CD0090C5A5 /* ProductView.swift */ = {isa = PBXFileReference; lastKnownFileType = sourcecode.swift; path = ProductView.swift; sourceTree = "<group>"; };
		41108B7628A192950090C5A5 /* UnlockView.swift */ = {isa = PBXFileReference; lastKnownFileType = sourcecode.swift; path = UnlockView.swift; sourceTree = "<group>"; };
		41108B7928A2A2E90090C5A5 /* AppDelegate.swift */ = {isa = PBXFileReference; lastKnownFileType = sourcecode.swift; path = AppDelegate.swift; sourceTree = "<group>"; };
		41108B7B28A2A2FF0090C5A5 /* SceneDelegate.swift */ = {isa = PBXFileReference; lastKnownFileType = sourcecode.swift; path = SceneDelegate.swift; sourceTree = "<group>"; };
		41108B8228A3EAF90090C5A5 /* WidgetKit.framework */ = {isa = PBXFileReference; lastKnownFileType = wrapper.framework; name = WidgetKit.framework; path = System/Library/Frameworks/WidgetKit.framework; sourceTree = SDKROOT; };
		41108B8428A3EAF90090C5A5 /* SwiftUI.framework */ = {isa = PBXFileReference; lastKnownFileType = wrapper.framework; name = SwiftUI.framework; path = System/Library/Frameworks/SwiftUI.framework; sourceTree = SDKROOT; };
		41108B9328A3F08B0090C5A5 /* DataController-Reminders.swift */ = {isa = PBXFileReference; lastKnownFileType = sourcecode.swift; path = "DataController-Reminders.swift"; sourceTree = "<group>"; };
		41108B9528A3F4420090C5A5 /* DataController-Awards.swift */ = {isa = PBXFileReference; lastKnownFileType = sourcecode.swift; path = "DataController-Awards.swift"; sourceTree = "<group>"; };
		41256DB7288AFC94003C379A /* ExtensionTests.swift */ = {isa = PBXFileReference; lastKnownFileType = sourcecode.swift; path = ExtensionTests.swift; sourceTree = "<group>"; };
		41449FD9289956ED00DD6C3E /* HomeViewModel.swift */ = {isa = PBXFileReference; lastKnownFileType = sourcecode.swift; path = HomeViewModel.swift; sourceTree = "<group>"; };
		41449FDB289978BB00DD6C3E /* ItemRowViewModel.swift */ = {isa = PBXFileReference; lastKnownFileType = sourcecode.swift; path = ItemRowViewModel.swift; sourceTree = "<group>"; };
		4146F518287C621F007680E2 /* Color-Additions.swift */ = {isa = PBXFileReference; lastKnownFileType = sourcecode.swift; path = "Color-Additions.swift"; sourceTree = "<group>"; };
		4147C552285B5870001CE424 /* EditItemView.swift */ = {isa = PBXFileReference; lastKnownFileType = sourcecode.swift; path = EditItemView.swift; sourceTree = "<group>"; };
		4147C554285B62C0001CE424 /* ItemRowView.swift */ = {isa = PBXFileReference; lastKnownFileType = sourcecode.swift; path = ItemRowView.swift; sourceTree = "<group>"; };
		4147C556285B6901001CE424 /* Binding-OnChange.swift */ = {isa = PBXFileReference; lastKnownFileType = sourcecode.swift; path = "Binding-OnChange.swift"; sourceTree = "<group>"; };
		415F662C2885E5770029F1D4 /* ItemListView.swift */ = {isa = PBXFileReference; lastKnownFileType = sourcecode.swift; path = ItemListView.swift; sourceTree = "<group>"; };
		415F662E2885E9A60029F1D4 /* ProjectSummaryView.swift */ = {isa = PBXFileReference; lastKnownFileType = sourcecode.swift; path = ProjectSummaryView.swift; sourceTree = "<group>"; };
		416E9304285CA98200188473 /* ProjectHeaderView.swift */ = {isa = PBXFileReference; lastKnownFileType = sourcecode.swift; path = ProjectHeaderView.swift; sourceTree = "<group>"; };
		416E9306285CAEEC00188473 /* Colors.xcassets */ = {isa = PBXFileReference; lastKnownFileType = folder.assetcatalog; path = Colors.xcassets; sourceTree = "<group>"; };
		416E9308285CB53500188473 /* EditProjectView.swift */ = {isa = PBXFileReference; lastKnownFileType = sourcecode.swift; path = EditProjectView.swift; sourceTree = "<group>"; };
		4176490A288988E300A7613F /* DevelopmentTests.swift */ = {isa = PBXFileReference; lastKnownFileType = sourcecode.swift; path = DevelopmentTests.swift; sourceTree = "<group>"; };
		417FE1372888528500F23E2E /* DailyFocusTests.xctest */ = {isa = PBXFileReference; explicitFileType = wrapper.cfbundle; includeInIndex = 0; path = DailyFocusTests.xctest; sourceTree = BUILT_PRODUCTS_DIR; };
		417FE1392888528500F23E2E /* DailyFocusTests.swift */ = {isa = PBXFileReference; lastKnownFileType = sourcecode.swift; path = DailyFocusTests.swift; sourceTree = "<group>"; };
		417FE140288861A900F23E2E /* AssetTests.swift */ = {isa = PBXFileReference; lastKnownFileType = sourcecode.swift; path = AssetTests.swift; sourceTree = "<group>"; };
		417FE1422888643E00F23E2E /* ProjectTests.swift */ = {isa = PBXFileReference; lastKnownFileType = sourcecode.swift; path = ProjectTests.swift; sourceTree = "<group>"; };
		417FE14428887E5400F23E2E /* AwardsTests.swift */ = {isa = PBXFileReference; lastKnownFileType = sourcecode.swift; path = AwardsTests.swift; sourceTree = "<group>"; };
		4183B64B28808B32002A78A2 /* hu */ = {isa = PBXFileReference; lastKnownFileType = text.plist.strings; name = hu; path = hu.lproj/Localizable.strings; sourceTree = "<group>"; };
		4183B64E28808C22002A78A2 /* hu */ = {isa = PBXFileReference; lastKnownFileType = text.plist.stringsdict; name = hu; path = hu.lproj/Localizable.stringsdict; sourceTree = "<group>"; };
		4183B65128809AEE002A78A2 /* hu */ = {isa = PBXFileReference; lastKnownFileType = text.json; name = hu; path = hu.lproj/Awards.json; sourceTree = "<group>"; };
		4183B65328809D55002A78A2 /* en */ = {isa = PBXFileReference; lastKnownFileType = text.plist.strings; name = en; path = en.lproj/Localizable.strings; sourceTree = "<group>"; };
		4183B65428809D63002A78A2 /* en */ = {isa = PBXFileReference; lastKnownFileType = text.plist.stringsdict; name = en; path = en.lproj/Localizable.stringsdict; sourceTree = "<group>"; };
		4183B65528809DA5002A78A2 /* en */ = {isa = PBXFileReference; lastKnownFileType = text.json; name = en; path = en.lproj/Awards.json; sourceTree = "<group>"; };
		419158AA2850F5AE006A77CE /* ProjectsView.swift */ = {isa = PBXFileReference; lastKnownFileType = sourcecode.swift; path = ProjectsView.swift; sourceTree = "<group>"; };
		419307DB2877424500D172E7 /* Bundle-Decodable.swfit.swift */ = {isa = PBXFileReference; lastKnownFileType = sourcecode.swift; path = "Bundle-Decodable.swfit.swift"; sourceTree = "<group>"; };
		419307DF28775B5500D172E7 /* Award.swift */ = {isa = PBXFileReference; lastKnownFileType = sourcecode.swift; path = Award.swift; sourceTree = "<group>"; };
		419307E128775C4700D172E7 /* AwardsView.swift */ = {isa = PBXFileReference; lastKnownFileType = sourcecode.swift; path = AwardsView.swift; sourceTree = "<group>"; };
		41953010284FC5E100EDF104 /* DailyFocus.app */ = {isa = PBXFileReference; explicitFileType = wrapper.application; includeInIndex = 0; path = DailyFocus.app; sourceTree = BUILT_PRODUCTS_DIR; };
		41953013284FC5E100EDF104 /* DailyFocusApp.swift */ = {isa = PBXFileReference; lastKnownFileType = sourcecode.swift; path = DailyFocusApp.swift; sourceTree = "<group>"; };
		41953015284FC5E100EDF104 /* ContentView.swift */ = {isa = PBXFileReference; lastKnownFileType = sourcecode.swift; path = ContentView.swift; sourceTree = "<group>"; };
		41953017284FC5EB00EDF104 /* Assets.xcassets */ = {isa = PBXFileReference; lastKnownFileType = folder.assetcatalog; path = Assets.xcassets; sourceTree = "<group>"; };
		4195301A284FC5EB00EDF104 /* Preview Assets.xcassets */ = {isa = PBXFileReference; lastKnownFileType = folder.assetcatalog; path = "Preview Assets.xcassets"; sourceTree = "<group>"; };
		41953022284FCFB600EDF104 /* Main.xcdatamodel */ = {isa = PBXFileReference; lastKnownFileType = wrapper.xcdatamodel; path = Main.xcdatamodel; sourceTree = "<group>"; };
		41953024284FD43F00EDF104 /* DataController.swift */ = {isa = PBXFileReference; lastKnownFileType = sourcecode.swift; path = DataController.swift; sourceTree = "<group>"; };
		41953026284FE04100EDF104 /* DailyFocus.entitlements */ = {isa = PBXFileReference; lastKnownFileType = text.plist.entitlements; path = DailyFocus.entitlements; sourceTree = "<group>"; };
		41953027284FE05200EDF104 /* Info.plist */ = {isa = PBXFileReference; lastKnownFileType = text.plist.xml; path = Info.plist; sourceTree = "<group>"; };
		41953029284FE07100EDF104 /* CloudKit.framework */ = {isa = PBXFileReference; lastKnownFileType = wrapper.framework; name = CloudKit.framework; path = System/Library/Frameworks/CloudKit.framework; sourceTree = SDKROOT; };
		4198FDD92859F8C500A5EAF7 /* Item-CoreDataHelpers.swift */ = {isa = PBXFileReference; lastKnownFileType = sourcecode.swift; path = "Item-CoreDataHelpers.swift"; sourceTree = "<group>"; };
		4198FDDB2859FFB300A5EAF7 /* Project-CoreDataHelpers.swift */ = {isa = PBXFileReference; lastKnownFileType = sourcecode.swift; path = "Project-CoreDataHelpers.swift"; sourceTree = "<group>"; };
		419B2CF62876228F00E45522 /* SelectSomethingView.swift */ = {isa = PBXFileReference; lastKnownFileType = sourcecode.swift; path = SelectSomethingView.swift; sourceTree = "<group>"; };
		41A470EF2850EA4000062DA7 /* HomeView.swift */ = {isa = PBXFileReference; lastKnownFileType = sourcecode.swift; path = HomeView.swift; sourceTree = "<group>"; };
		41C439A8288FFA0900EE05B5 /* DecodableDictionary.json */ = {isa = PBXFileReference; lastKnownFileType = text.json; path = DecodableDictionary.json; sourceTree = "<group>"; };
		41C439AA288FFAB300EE05B5 /* DecodableString.json */ = {isa = PBXFileReference; lastKnownFileType = text.json; path = DecodableString.json; sourceTree = "<group>"; };
		4D2239D829431ADA000BA256 /* DailyFocusWidgetExtension.appex */ = {isa = PBXFileReference; explicitFileType = "wrapper.app-extension"; includeInIndex = 0; path = DailyFocusWidgetExtension.appex; sourceTree = BUILT_PRODUCTS_DIR; };
		4D2239DC29431ADA000BA256 /* DailyFocusWidgetBundle.swift */ = {isa = PBXFileReference; lastKnownFileType = sourcecode.swift; path = DailyFocusWidgetBundle.swift; sourceTree = "<group>"; };
		4D2239DE29431ADA000BA256 /* DailyFocusWidgetLiveActivity.swift */ = {isa = PBXFileReference; lastKnownFileType = sourcecode.swift; path = DailyFocusWidgetLiveActivity.swift; sourceTree = "<group>"; };
		4D2239E029431ADA000BA256 /* DailyFocusWidget.swift */ = {isa = PBXFileReference; lastKnownFileType = sourcecode.swift; path = DailyFocusWidget.swift; sourceTree = "<group>"; };
		4D2239E229431ADB000BA256 /* Assets.xcassets */ = {isa = PBXFileReference; lastKnownFileType = folder.assetcatalog; path = Assets.xcassets; sourceTree = "<group>"; };
		4D2239E429431ADB000BA256 /* Info.plist */ = {isa = PBXFileReference; lastKnownFileType = text.plist.xml; path = Info.plist; sourceTree = "<group>"; };
		4D2239F029432C39000BA256 /* DailyFocusWidgetExtension.entitlements */ = {isa = PBXFileReference; lastKnownFileType = text.plist.entitlements; path = DailyFocusWidgetExtension.entitlements; sourceTree = "<group>"; };
		4D35F1C4294A8FD900930E6E /* DataProvider.swift */ = {isa = PBXFileReference; lastKnownFileType = sourcecode.swift; path = DataProvider.swift; sourceTree = "<group>"; };
/* End PBXFileReference section */

/* Begin PBXFrameworksBuildPhase section */
		411027A12891DB7A0084B93F /* Frameworks */ = {
			isa = PBXFrameworksBuildPhase;
			buildActionMask = 2147483647;
			files = (
			);
			runOnlyForDeploymentPostprocessing = 0;
		};
		417FE1342888528500F23E2E /* Frameworks */ = {
			isa = PBXFrameworksBuildPhase;
			buildActionMask = 2147483647;
			files = (
			);
			runOnlyForDeploymentPostprocessing = 0;
		};
		4195300D284FC5E100EDF104 /* Frameworks */ = {
			isa = PBXFrameworksBuildPhase;
			buildActionMask = 2147483647;
			files = (
				4195302A284FE07100EDF104 /* CloudKit.framework in Frameworks */,
			);
			runOnlyForDeploymentPostprocessing = 0;
		};
		4D2239D529431ADA000BA256 /* Frameworks */ = {
			isa = PBXFrameworksBuildPhase;
			buildActionMask = 2147483647;
			files = (
				4D2239DA29431ADA000BA256 /* SwiftUI.framework in Frameworks */,
				4D2239D929431ADA000BA256 /* WidgetKit.framework in Frameworks */,
			);
			runOnlyForDeploymentPostprocessing = 0;
		};
/* End PBXFrameworksBuildPhase section */

/* Begin PBXGroup section */
		411027A52891DB7A0084B93F /* DailyFocusUITests */ = {
			isa = PBXGroup;
			children = (
				411027A62891DB7A0084B93F /* DailyFocusUITests.swift */,
				411027A82891DB7A0084B93F /* DailyFocusUITestsLaunchTests.swift */,
			);
			path = DailyFocusUITests;
			sourceTree = "<group>";
		};
		41108B7828A196EC0090C5A5 /* Unlock */ = {
			isa = PBXGroup;
			children = (
				41108B6B28A042510090C5A5 /* UnlockManager.swift */,
				41108B7028A185C10090C5A5 /* PurchaseButton.swift */,
				41108B7428A190CD0090C5A5 /* ProductView.swift */,
				41108B7628A192950090C5A5 /* UnlockView.swift */,
			);
			path = Unlock;
			sourceTree = "<group>";
		};
		414308F92887DFFA002D11F6 /* Activities */ = {
			isa = PBXGroup;
			children = (
				41108B7828A196EC0090C5A5 /* Unlock */,
				414308FC2887E01A002D11F6 /* Awards */,
				414308FB2887E012002D11F6 /* Projects */,
				414308FA2887E00A002D11F6 /* Home */,
			);
			path = Activities;
			sourceTree = "<group>";
		};
		414308FA2887E00A002D11F6 /* Home */ = {
			isa = PBXGroup;
			children = (
				41A470EF2850EA4000062DA7 /* HomeView.swift */,
				415F662C2885E5770029F1D4 /* ItemListView.swift */,
				415F662E2885E9A60029F1D4 /* ProjectSummaryView.swift */,
			);
			path = Home;
			sourceTree = "<group>";
		};
		414308FB2887E012002D11F6 /* Projects */ = {
			isa = PBXGroup;
			children = (
				419158AA2850F5AE006A77CE /* ProjectsView.swift */,
				416E9304285CA98200188473 /* ProjectHeaderView.swift */,
				416E9308285CB53500188473 /* EditProjectView.swift */,
				419B2CF62876228F00E45522 /* SelectSomethingView.swift */,
				4147C552285B5870001CE424 /* EditItemView.swift */,
				4147C554285B62C0001CE424 /* ItemRowView.swift */,
			);
			path = Projects;
			sourceTree = "<group>";
		};
		414308FC2887E01A002D11F6 /* Awards */ = {
			isa = PBXGroup;
			children = (
				4183B65228809AEE002A78A2 /* Awards.json */,
				419307DF28775B5500D172E7 /* Award.swift */,
				419307E128775C4700D172E7 /* AwardsView.swift */,
			);
			path = Awards;
			sourceTree = "<group>";
		};
		414308FD2887E0AF002D11F6 /* Extensions */ = {
			isa = PBXGroup;
			children = (
				41108B6E28A16FFA0090C5A5 /* SKProduct-LocalizedPrice.swift */,
				419307DB2877424500D172E7 /* Bundle-Decodable.swfit.swift */,
				410983DE286CC94E00745B84 /* Sequence-Sorting.swift */,
				4147C556285B6901001CE424 /* Binding-OnChange.swift */,
				4146F518287C621F007680E2 /* Color-Additions.swift */,
				4198FDD92859F8C500A5EAF7 /* Item-CoreDataHelpers.swift */,
				4198FDDB2859FFB300A5EAF7 /* Project-CoreDataHelpers.swift */,
			);
			path = Extensions;
			sourceTree = "<group>";
		};
		414308FE2887E0E5002D11F6 /* Localizations */ = {
			isa = PBXGroup;
			children = (
				4183B64C28808B32002A78A2 /* Localizable.strings */,
				4183B64F28808C22002A78A2 /* Localizable.stringsdict */,
			);
			path = Localizations;
			sourceTree = "<group>";
		};
		41449FDD2899958500DD6C3E /* ViewModels */ = {
			isa = PBXGroup;
			children = (
				41449FD9289956ED00DD6C3E /* HomeViewModel.swift */,
				410571BD2894587B0071E3E4 /* ProjectsViewModel.swift */,
				41449FDB289978BB00DD6C3E /* ItemRowViewModel.swift */,
			);
			path = ViewModels;
			sourceTree = "<group>";
		};
		417FE1382888528500F23E2E /* DailyFocusTests */ = {
			isa = PBXGroup;
			children = (
				41C439A7288FF9AF00EE05B5 /* TestFixtures */,
				417FE1392888528500F23E2E /* DailyFocusTests.swift */,
				417FE140288861A900F23E2E /* AssetTests.swift */,
				417FE1422888643E00F23E2E /* ProjectTests.swift */,
				417FE14428887E5400F23E2E /* AwardsTests.swift */,
				4176490A288988E300A7613F /* DevelopmentTests.swift */,
				41256DB7288AFC94003C379A /* ExtensionTests.swift */,
				4110279E2891D1850084B93F /* PerformanceTests.swift */,
			);
			path = DailyFocusTests;
			sourceTree = "<group>";
		};
		4180058D289C3C1C00F7DFDD /* Configuration */ = {
			isa = PBXGroup;
			children = (
				41108B6D28A0443C0090C5A5 /* Configuration.storekit */,
				41953021284FCFB500EDF104 /* Main.xcdatamodeld */,
			);
			path = Configuration;
			sourceTree = "<group>";
		};
		41953007284FC5E000EDF104 = {
			isa = PBXGroup;
			children = (
				4D2239F029432C39000BA256 /* DailyFocusWidgetExtension.entitlements */,
				41953012284FC5E100EDF104 /* DailyFocus */,
				417FE1382888528500F23E2E /* DailyFocusTests */,
				411027A52891DB7A0084B93F /* DailyFocusUITests */,
				4D2239DB29431ADA000BA256 /* DailyFocusWidget */,
				41953011284FC5E100EDF104 /* Products */,
				41953028284FE07100EDF104 /* Frameworks */,
			);
			sourceTree = "<group>";
		};
		41953011284FC5E100EDF104 /* Products */ = {
			isa = PBXGroup;
			children = (
				41953010284FC5E100EDF104 /* DailyFocus.app */,
				417FE1372888528500F23E2E /* DailyFocusTests.xctest */,
				411027A42891DB7A0084B93F /* DailyFocusUITests.xctest */,
				4D2239D829431ADA000BA256 /* DailyFocusWidgetExtension.appex */,
			);
			name = Products;
			sourceTree = "<group>";
		};
		41953012284FC5E100EDF104 /* DailyFocus */ = {
			isa = PBXGroup;
			children = (
				41953027284FE05200EDF104 /* Info.plist */,
				4180058D289C3C1C00F7DFDD /* Configuration */,
				414308FE2887E0E5002D11F6 /* Localizations */,
				414308FD2887E0AF002D11F6 /* Extensions */,
				414308F92887DFFA002D11F6 /* Activities */,
				41449FDD2899958500DD6C3E /* ViewModels */,
				41953026284FE04100EDF104 /* DailyFocus.entitlements */,
				41953013284FC5E100EDF104 /* DailyFocusApp.swift */,
				41953015284FC5E100EDF104 /* ContentView.swift */,
				41953024284FD43F00EDF104 /* DataController.swift */,
				41953017284FC5EB00EDF104 /* Assets.xcassets */,
				416E9306285CAEEC00188473 /* Colors.xcassets */,
				41953019284FC5EB00EDF104 /* Preview Content */,
				41108B7928A2A2E90090C5A5 /* AppDelegate.swift */,
				41108B7B28A2A2FF0090C5A5 /* SceneDelegate.swift */,
				41108B9328A3F08B0090C5A5 /* DataController-Reminders.swift */,
				41108B9528A3F4420090C5A5 /* DataController-Awards.swift */,
			);
			path = DailyFocus;
			sourceTree = "<group>";
		};
		41953019284FC5EB00EDF104 /* Preview Content */ = {
			isa = PBXGroup;
			children = (
				4195301A284FC5EB00EDF104 /* Preview Assets.xcassets */,
			);
			path = "Preview Content";
			sourceTree = "<group>";
		};
		41953028284FE07100EDF104 /* Frameworks */ = {
			isa = PBXGroup;
			children = (
				41953029284FE07100EDF104 /* CloudKit.framework */,
				41108B8228A3EAF90090C5A5 /* WidgetKit.framework */,
				41108B8428A3EAF90090C5A5 /* SwiftUI.framework */,
			);
			name = Frameworks;
			sourceTree = "<group>";
		};
		41C439A7288FF9AF00EE05B5 /* TestFixtures */ = {
			isa = PBXGroup;
			children = (
				41C439A8288FFA0900EE05B5 /* DecodableDictionary.json */,
				41C439AA288FFAB300EE05B5 /* DecodableString.json */,
			);
			path = TestFixtures;
			sourceTree = "<group>";
		};
		4D2239DB29431ADA000BA256 /* DailyFocusWidget */ = {
			isa = PBXGroup;
			children = (
				4D2239DC29431ADA000BA256 /* DailyFocusWidgetBundle.swift */,
				4D2239DE29431ADA000BA256 /* DailyFocusWidgetLiveActivity.swift */,
				4D2239E029431ADA000BA256 /* DailyFocusWidget.swift */,
				4D35F1C4294A8FD900930E6E /* DataProvider.swift */,
				4D2239E229431ADB000BA256 /* Assets.xcassets */,
				4D2239E429431ADB000BA256 /* Info.plist */,
			);
			path = DailyFocusWidget;
			sourceTree = "<group>";
		};
/* End PBXGroup section */

/* Begin PBXNativeTarget section */
		411027A32891DB7A0084B93F /* DailyFocusUITests */ = {
			isa = PBXNativeTarget;
			buildConfigurationList = 411027AC2891DB7B0084B93F /* Build configuration list for PBXNativeTarget "DailyFocusUITests" */;
			buildPhases = (
				411027A02891DB7A0084B93F /* Sources */,
				411027A12891DB7A0084B93F /* Frameworks */,
				411027A22891DB7A0084B93F /* Resources */,
			);
			buildRules = (
			);
			dependencies = (
				411027AB2891DB7A0084B93F /* PBXTargetDependency */,
			);
			name = DailyFocusUITests;
			productName = DailyFocusUITests;
			productReference = 411027A42891DB7A0084B93F /* DailyFocusUITests.xctest */;
			productType = "com.apple.product-type.bundle.ui-testing";
		};
		417FE1362888528500F23E2E /* DailyFocusTests */ = {
			isa = PBXNativeTarget;
			buildConfigurationList = 417FE13F2888528500F23E2E /* Build configuration list for PBXNativeTarget "DailyFocusTests" */;
			buildPhases = (
				417FE1332888528500F23E2E /* Sources */,
				417FE1342888528500F23E2E /* Frameworks */,
				417FE1352888528500F23E2E /* Resources */,
			);
			buildRules = (
			);
			dependencies = (
				417FE13C2888528500F23E2E /* PBXTargetDependency */,
			);
			name = DailyFocusTests;
			productName = DailyFocusTests;
			productReference = 417FE1372888528500F23E2E /* DailyFocusTests.xctest */;
			productType = "com.apple.product-type.bundle.unit-test";
		};
		4195300F284FC5E100EDF104 /* DailyFocus */ = {
			isa = PBXNativeTarget;
			buildConfigurationList = 4195301E284FC5EB00EDF104 /* Build configuration list for PBXNativeTarget "DailyFocus" */;
			buildPhases = (
				4195300C284FC5E100EDF104 /* Sources */,
				4195300D284FC5E100EDF104 /* Frameworks */,
				4195300E284FC5E100EDF104 /* Resources */,
				414308F82887D7DD002D11F6 /* SwiftLint */,
				41108B9228A3EB020090C5A5 /* Embed Foundation Extensions */,
			);
			buildRules = (
			);
			dependencies = (
				4D2239E629431ADB000BA256 /* PBXTargetDependency */,
			);
			name = DailyFocus;
			productName = DailyFocus;
			productReference = 41953010284FC5E100EDF104 /* DailyFocus.app */;
			productType = "com.apple.product-type.application";
		};
		4D2239D729431ADA000BA256 /* DailyFocusWidgetExtension */ = {
			isa = PBXNativeTarget;
			buildConfigurationList = 4D2239EA29431ADB000BA256 /* Build configuration list for PBXNativeTarget "DailyFocusWidgetExtension" */;
			buildPhases = (
				4D2239D429431ADA000BA256 /* Sources */,
				4D2239D529431ADA000BA256 /* Frameworks */,
				4D2239D629431ADA000BA256 /* Resources */,
			);
			buildRules = (
			);
			dependencies = (
			);
			name = DailyFocusWidgetExtension;
			productName = DailyFocusWidgetExtension;
			productReference = 4D2239D829431ADA000BA256 /* DailyFocusWidgetExtension.appex */;
			productType = "com.apple.product-type.app-extension";
		};
/* End PBXNativeTarget section */

/* Begin PBXProject section */
		41953008284FC5E000EDF104 /* Project object */ = {
			isa = PBXProject;
			attributes = {
				BuildIndependentTargetsInParallel = 1;
				LastSwiftUpdateCheck = 1410;
				LastUpgradeCheck = 1410;
				TargetAttributes = {
					411027A32891DB7A0084B93F = {
						CreatedOnToolsVersion = 13.4.1;
						TestTargetID = 4195300F284FC5E100EDF104;
					};
					417FE1362888528500F23E2E = {
						CreatedOnToolsVersion = 13.4.1;
						TestTargetID = 4195300F284FC5E100EDF104;
					};
					4195300F284FC5E100EDF104 = {
						CreatedOnToolsVersion = 13.4.1;
					};
					4D2239D729431ADA000BA256 = {
						CreatedOnToolsVersion = 14.1;
					};
				};
			};
			buildConfigurationList = 4195300B284FC5E100EDF104 /* Build configuration list for PBXProject "DailyFocus" */;
			compatibilityVersion = "Xcode 13.0";
			developmentRegion = en;
			hasScannedForEncodings = 0;
			knownRegions = (
				en,
				hu,
				Base,
			);
			mainGroup = 41953007284FC5E000EDF104;
			productRefGroup = 41953011284FC5E100EDF104 /* Products */;
			projectDirPath = "";
			projectRoot = "";
			targets = (
				4195300F284FC5E100EDF104 /* DailyFocus */,
				417FE1362888528500F23E2E /* DailyFocusTests */,
				411027A32891DB7A0084B93F /* DailyFocusUITests */,
				4D2239D729431ADA000BA256 /* DailyFocusWidgetExtension */,
			);
		};
/* End PBXProject section */

/* Begin PBXResourcesBuildPhase section */
		411027A22891DB7A0084B93F /* Resources */ = {
			isa = PBXResourcesBuildPhase;
			buildActionMask = 2147483647;
			files = (
			);
			runOnlyForDeploymentPostprocessing = 0;
		};
		417FE1352888528500F23E2E /* Resources */ = {
			isa = PBXResourcesBuildPhase;
			buildActionMask = 2147483647;
			files = (
				41C439AB288FFAB300EE05B5 /* DecodableString.json in Resources */,
				41C439A9288FFA0900EE05B5 /* DecodableDictionary.json in Resources */,
			);
			runOnlyForDeploymentPostprocessing = 0;
		};
		4195300E284FC5E100EDF104 /* Resources */ = {
			isa = PBXResourcesBuildPhase;
			buildActionMask = 2147483647;
			files = (
				4183B64A28808B32002A78A2 /* Localizable.strings in Resources */,
				416E9307285CAEEC00188473 /* Colors.xcassets in Resources */,
				4183B65028809AEE002A78A2 /* Awards.json in Resources */,
				4195301B284FC5EB00EDF104 /* Preview Assets.xcassets in Resources */,
				41953018284FC5EB00EDF104 /* Assets.xcassets in Resources */,
				4183B64D28808C22002A78A2 /* Localizable.stringsdict in Resources */,
			);
			runOnlyForDeploymentPostprocessing = 0;
		};
		4D2239D629431ADA000BA256 /* Resources */ = {
			isa = PBXResourcesBuildPhase;
			buildActionMask = 2147483647;
			files = (
				4D2239E329431ADB000BA256 /* Assets.xcassets in Resources */,
			);
			runOnlyForDeploymentPostprocessing = 0;
		};
/* End PBXResourcesBuildPhase section */

/* Begin PBXShellScriptBuildPhase section */
		414308F82887D7DD002D11F6 /* SwiftLint */ = {
			isa = PBXShellScriptBuildPhase;
			buildActionMask = 2147483647;
			files = (
			);
			inputFileListPaths = (
			);
			inputPaths = (
			);
			name = SwiftLint;
			outputFileListPaths = (
			);
			outputPaths = (
			);
			runOnlyForDeploymentPostprocessing = 0;
			shellPath = /bin/sh;
			shellScript = "if which swiftlint >/dev/null; then\n    swiftlint\nelse\n    echo \"warningL Swiftlint not installed, download from https://github.com/realm/swiftlint\"\nfi\n";
		};
/* End PBXShellScriptBuildPhase section */

/* Begin PBXSourcesBuildPhase section */
		411027A02891DB7A0084B93F /* Sources */ = {
			isa = PBXSourcesBuildPhase;
			buildActionMask = 2147483647;
			files = (
				411027A72891DB7A0084B93F /* DailyFocusUITests.swift in Sources */,
				411027A92891DB7A0084B93F /* DailyFocusUITestsLaunchTests.swift in Sources */,
			);
			runOnlyForDeploymentPostprocessing = 0;
		};
		417FE1332888528500F23E2E /* Sources */ = {
			isa = PBXSourcesBuildPhase;
			buildActionMask = 2147483647;
			files = (
				4110279F2891D1850084B93F /* PerformanceTests.swift in Sources */,
				417FE141288861A900F23E2E /* AssetTests.swift in Sources */,
				417FE14528887E5400F23E2E /* AwardsTests.swift in Sources */,
				417FE13A2888528500F23E2E /* DailyFocusTests.swift in Sources */,
				41256DB8288AFC94003C379A /* ExtensionTests.swift in Sources */,
				417FE1432888643E00F23E2E /* ProjectTests.swift in Sources */,
				4176490B288988E300A7613F /* DevelopmentTests.swift in Sources */,
			);
			runOnlyForDeploymentPostprocessing = 0;
		};
		4195300C284FC5E100EDF104 /* Sources */ = {
			isa = PBXSourcesBuildPhase;
			buildActionMask = 2147483647;
			files = (
				419158AB2850F5AE006A77CE /* ProjectsView.swift in Sources */,
				415F662F2885E9A60029F1D4 /* ProjectSummaryView.swift in Sources */,
				41108B7C28A2A2FF0090C5A5 /* SceneDelegate.swift in Sources */,
				41108B9628A3F4420090C5A5 /* DataController-Awards.swift in Sources */,
				41108B7128A185C20090C5A5 /* PurchaseButton.swift in Sources */,
				416E9305285CA98200188473 /* ProjectHeaderView.swift in Sources */,
				41108B7528A190CD0090C5A5 /* ProductView.swift in Sources */,
				419307E228775C4700D172E7 /* AwardsView.swift in Sources */,
				41953023284FCFB800EDF104 /* Main.xcdatamodeld in Sources */,
				41449FDA289956ED00DD6C3E /* HomeViewModel.swift in Sources */,
				41108B6C28A042510090C5A5 /* UnlockManager.swift in Sources */,
				4198FDDC2859FFB300A5EAF7 /* Project-CoreDataHelpers.swift in Sources */,
				4146F519287C6220007680E2 /* Color-Additions.swift in Sources */,
				416E9309285CB53500188473 /* EditProjectView.swift in Sources */,
				41108B9428A3F08B0090C5A5 /* DataController-Reminders.swift in Sources */,
				41953025284FD44000EDF104 /* DataController.swift in Sources */,
				419B2CF72876229000E45522 /* SelectSomethingView.swift in Sources */,
				419307E028775B5500D172E7 /* Award.swift in Sources */,
				4147C555285B62C0001CE424 /* ItemRowView.swift in Sources */,
				41108B7728A192950090C5A5 /* UnlockView.swift in Sources */,
				41953016284FC5E100EDF104 /* ContentView.swift in Sources */,
				41108B7A28A2A2E90090C5A5 /* AppDelegate.swift in Sources */,
				4147C557285B6901001CE424 /* Binding-OnChange.swift in Sources */,
				410983DF286CC94E00745B84 /* Sequence-Sorting.swift in Sources */,
				41A470F02850EA4000062DA7 /* HomeView.swift in Sources */,
				415F662D2885E5780029F1D4 /* ItemListView.swift in Sources */,
				419307DC2877424500D172E7 /* Bundle-Decodable.swfit.swift in Sources */,
				41953014284FC5E100EDF104 /* DailyFocusApp.swift in Sources */,
				41449FDC289978BB00DD6C3E /* ItemRowViewModel.swift in Sources */,
				4198FDDA2859F8C500A5EAF7 /* Item-CoreDataHelpers.swift in Sources */,
				4D35F1C5294A8FD900930E6E /* DataProvider.swift in Sources */,
				41108B6F28A16FFA0090C5A5 /* SKProduct-LocalizedPrice.swift in Sources */,
				410571BE2894587B0071E3E4 /* ProjectsViewModel.swift in Sources */,
				4147C553285B5870001CE424 /* EditItemView.swift in Sources */,
			);
			runOnlyForDeploymentPostprocessing = 0;
		};
		4D2239D429431ADA000BA256 /* Sources */ = {
			isa = PBXSourcesBuildPhase;
			buildActionMask = 2147483647;
			files = (
				4D2239E129431ADA000BA256 /* DailyFocusWidget.swift in Sources */,
				4D2239ED29432189000BA256 /* DataController.swift in Sources */,
				4D2239EC2943217C000BA256 /* Item-CoreDataHelpers.swift in Sources */,
				4D2239DD29431ADA000BA256 /* DailyFocusWidgetBundle.swift in Sources */,
				4D2239EB2943214E000BA256 /* Main.xcdatamodeld in Sources */,
				4D2239DF29431ADA000BA256 /* DailyFocusWidgetLiveActivity.swift in Sources */,
			);
			runOnlyForDeploymentPostprocessing = 0;
		};
/* End PBXSourcesBuildPhase section */

/* Begin PBXTargetDependency section */
		411027AB2891DB7A0084B93F /* PBXTargetDependency */ = {
			isa = PBXTargetDependency;
			target = 4195300F284FC5E100EDF104 /* DailyFocus */;
			targetProxy = 411027AA2891DB7A0084B93F /* PBXContainerItemProxy */;
		};
		417FE13C2888528500F23E2E /* PBXTargetDependency */ = {
			isa = PBXTargetDependency;
			target = 4195300F284FC5E100EDF104 /* DailyFocus */;
			targetProxy = 417FE13B2888528500F23E2E /* PBXContainerItemProxy */;
		};
		4D2239E629431ADB000BA256 /* PBXTargetDependency */ = {
			isa = PBXTargetDependency;
			target = 4D2239D729431ADA000BA256 /* DailyFocusWidgetExtension */;
			targetProxy = 4D2239E529431ADB000BA256 /* PBXContainerItemProxy */;
		};
/* End PBXTargetDependency section */

/* Begin PBXVariantGroup section */
		4183B64C28808B32002A78A2 /* Localizable.strings */ = {
			isa = PBXVariantGroup;
			children = (
				4183B64B28808B32002A78A2 /* hu */,
				4183B65328809D55002A78A2 /* en */,
			);
			name = Localizable.strings;
			sourceTree = "<group>";
		};
		4183B64F28808C22002A78A2 /* Localizable.stringsdict */ = {
			isa = PBXVariantGroup;
			children = (
				4183B64E28808C22002A78A2 /* hu */,
				4183B65428809D63002A78A2 /* en */,
			);
			name = Localizable.stringsdict;
			sourceTree = "<group>";
		};
		4183B65228809AEE002A78A2 /* Awards.json */ = {
			isa = PBXVariantGroup;
			children = (
				4183B65128809AEE002A78A2 /* hu */,
				4183B65528809DA5002A78A2 /* en */,
			);
			name = Awards.json;
			sourceTree = "<group>";
		};
/* End PBXVariantGroup section */

/* Begin XCBuildConfiguration section */
		411027AD2891DB7B0084B93F /* Debug */ = {
			isa = XCBuildConfiguration;
			buildSettings = {
				CODE_SIGN_STYLE = Automatic;
				CURRENT_PROJECT_VERSION = 1;
				DEVELOPMENT_TEAM = 56F54J4H3N;
				GENERATE_INFOPLIST_FILE = YES;
				MARKETING_VERSION = 1.0;
				PRODUCT_BUNDLE_IDENTIFIER = com.mobilesoftwareservices.DailyFocusUITests;
				PRODUCT_NAME = "$(TARGET_NAME)";
				SWIFT_EMIT_LOC_STRINGS = NO;
				SWIFT_VERSION = 5.0;
				TARGETED_DEVICE_FAMILY = "1,2";
				TEST_TARGET_NAME = DailyFocus;
			};
			name = Debug;
		};
		411027AE2891DB7B0084B93F /* Release */ = {
			isa = XCBuildConfiguration;
			buildSettings = {
				CODE_SIGN_STYLE = Automatic;
				CURRENT_PROJECT_VERSION = 1;
				DEVELOPMENT_TEAM = 56F54J4H3N;
				GENERATE_INFOPLIST_FILE = YES;
				MARKETING_VERSION = 1.0;
				PRODUCT_BUNDLE_IDENTIFIER = com.mobilesoftwareservices.DailyFocusUITests;
				PRODUCT_NAME = "$(TARGET_NAME)";
				SWIFT_EMIT_LOC_STRINGS = NO;
				SWIFT_VERSION = 5.0;
				TARGETED_DEVICE_FAMILY = "1,2";
				TEST_TARGET_NAME = DailyFocus;
			};
			name = Release;
		};
		417FE13D2888528500F23E2E /* Debug */ = {
			isa = XCBuildConfiguration;
			buildSettings = {
				BUNDLE_LOADER = "$(TEST_HOST)";
				CODE_SIGN_STYLE = Automatic;
				CURRENT_PROJECT_VERSION = 1;
				DEVELOPMENT_TEAM = 56F54J4H3N;
				GENERATE_INFOPLIST_FILE = YES;
				MARKETING_VERSION = 1.0;
				PRODUCT_BUNDLE_IDENTIFIER = com.mobilesoftwareservices.DailyFocusTests;
				PRODUCT_NAME = "$(TARGET_NAME)";
				SWIFT_EMIT_LOC_STRINGS = NO;
				SWIFT_VERSION = 5.0;
				TARGETED_DEVICE_FAMILY = "1,2";
				TEST_HOST = "$(BUILT_PRODUCTS_DIR)/DailyFocus.app/DailyFocus";
			};
			name = Debug;
		};
		417FE13E2888528500F23E2E /* Release */ = {
			isa = XCBuildConfiguration;
			buildSettings = {
				BUNDLE_LOADER = "$(TEST_HOST)";
				CODE_SIGN_STYLE = Automatic;
				CURRENT_PROJECT_VERSION = 1;
				DEVELOPMENT_TEAM = 56F54J4H3N;
				GENERATE_INFOPLIST_FILE = YES;
				MARKETING_VERSION = 1.0;
				PRODUCT_BUNDLE_IDENTIFIER = com.mobilesoftwareservices.DailyFocusTests;
				PRODUCT_NAME = "$(TARGET_NAME)";
				SWIFT_EMIT_LOC_STRINGS = NO;
				SWIFT_VERSION = 5.0;
				TARGETED_DEVICE_FAMILY = "1,2";
				TEST_HOST = "$(BUILT_PRODUCTS_DIR)/DailyFocus.app/DailyFocus";
			};
			name = Release;
		};
		4195301C284FC5EB00EDF104 /* Debug */ = {
			isa = XCBuildConfiguration;
			buildSettings = {
				ALWAYS_SEARCH_USER_PATHS = NO;
				CLANG_ANALYZER_LOCALIZABILITY_NONLOCALIZED = YES;
				CLANG_ANALYZER_NONNULL = YES;
				CLANG_ANALYZER_NUMBER_OBJECT_CONVERSION = YES_AGGRESSIVE;
				CLANG_CXX_LANGUAGE_STANDARD = "gnu++17";
				CLANG_ENABLE_MODULES = YES;
				CLANG_ENABLE_OBJC_ARC = YES;
				CLANG_ENABLE_OBJC_WEAK = YES;
				CLANG_WARN_BLOCK_CAPTURE_AUTORELEASING = YES;
				CLANG_WARN_BOOL_CONVERSION = YES;
				CLANG_WARN_COMMA = YES;
				CLANG_WARN_CONSTANT_CONVERSION = YES;
				CLANG_WARN_DEPRECATED_OBJC_IMPLEMENTATIONS = YES;
				CLANG_WARN_DIRECT_OBJC_ISA_USAGE = YES_ERROR;
				CLANG_WARN_DOCUMENTATION_COMMENTS = YES;
				CLANG_WARN_EMPTY_BODY = YES;
				CLANG_WARN_ENUM_CONVERSION = YES;
				CLANG_WARN_INFINITE_RECURSION = YES;
				CLANG_WARN_INT_CONVERSION = YES;
				CLANG_WARN_NON_LITERAL_NULL_CONVERSION = YES;
				CLANG_WARN_OBJC_IMPLICIT_RETAIN_SELF = YES;
				CLANG_WARN_OBJC_LITERAL_CONVERSION = YES;
				CLANG_WARN_OBJC_ROOT_CLASS = YES_ERROR;
				CLANG_WARN_QUOTED_INCLUDE_IN_FRAMEWORK_HEADER = YES;
				CLANG_WARN_RANGE_LOOP_ANALYSIS = YES;
				CLANG_WARN_STRICT_PROTOTYPES = YES;
				CLANG_WARN_SUSPICIOUS_MOVE = YES;
				CLANG_WARN_UNGUARDED_AVAILABILITY = YES_AGGRESSIVE;
				CLANG_WARN_UNREACHABLE_CODE = YES;
				CLANG_WARN__DUPLICATE_METHOD_MATCH = YES;
				COPY_PHASE_STRIP = NO;
				DEBUG_INFORMATION_FORMAT = dwarf;
				ENABLE_STRICT_OBJC_MSGSEND = YES;
				ENABLE_TESTABILITY = YES;
				GCC_C_LANGUAGE_STANDARD = gnu11;
				GCC_DYNAMIC_NO_PIC = NO;
				GCC_NO_COMMON_BLOCKS = YES;
				GCC_OPTIMIZATION_LEVEL = 0;
				GCC_PREPROCESSOR_DEFINITIONS = (
					"DEBUG=1",
					"$(inherited)",
				);
				GCC_WARN_64_TO_32_BIT_CONVERSION = YES;
				GCC_WARN_ABOUT_RETURN_TYPE = YES_ERROR;
				GCC_WARN_UNDECLARED_SELECTOR = YES;
				GCC_WARN_UNINITIALIZED_AUTOS = YES_AGGRESSIVE;
				GCC_WARN_UNUSED_FUNCTION = YES;
				GCC_WARN_UNUSED_VARIABLE = YES;
				IPHONEOS_DEPLOYMENT_TARGET = 15.5;
				MTL_ENABLE_DEBUG_INFO = INCLUDE_SOURCE;
				MTL_FAST_MATH = YES;
				ONLY_ACTIVE_ARCH = YES;
				SDKROOT = iphoneos;
				SWIFT_ACTIVE_COMPILATION_CONDITIONS = DEBUG;
				SWIFT_OPTIMIZATION_LEVEL = "-Onone";
			};
			name = Debug;
		};
		4195301D284FC5EB00EDF104 /* Release */ = {
			isa = XCBuildConfiguration;
			buildSettings = {
				ALWAYS_SEARCH_USER_PATHS = NO;
				CLANG_ANALYZER_LOCALIZABILITY_NONLOCALIZED = YES;
				CLANG_ANALYZER_NONNULL = YES;
				CLANG_ANALYZER_NUMBER_OBJECT_CONVERSION = YES_AGGRESSIVE;
				CLANG_CXX_LANGUAGE_STANDARD = "gnu++17";
				CLANG_ENABLE_MODULES = YES;
				CLANG_ENABLE_OBJC_ARC = YES;
				CLANG_ENABLE_OBJC_WEAK = YES;
				CLANG_WARN_BLOCK_CAPTURE_AUTORELEASING = YES;
				CLANG_WARN_BOOL_CONVERSION = YES;
				CLANG_WARN_COMMA = YES;
				CLANG_WARN_CONSTANT_CONVERSION = YES;
				CLANG_WARN_DEPRECATED_OBJC_IMPLEMENTATIONS = YES;
				CLANG_WARN_DIRECT_OBJC_ISA_USAGE = YES_ERROR;
				CLANG_WARN_DOCUMENTATION_COMMENTS = YES;
				CLANG_WARN_EMPTY_BODY = YES;
				CLANG_WARN_ENUM_CONVERSION = YES;
				CLANG_WARN_INFINITE_RECURSION = YES;
				CLANG_WARN_INT_CONVERSION = YES;
				CLANG_WARN_NON_LITERAL_NULL_CONVERSION = YES;
				CLANG_WARN_OBJC_IMPLICIT_RETAIN_SELF = YES;
				CLANG_WARN_OBJC_LITERAL_CONVERSION = YES;
				CLANG_WARN_OBJC_ROOT_CLASS = YES_ERROR;
				CLANG_WARN_QUOTED_INCLUDE_IN_FRAMEWORK_HEADER = YES;
				CLANG_WARN_RANGE_LOOP_ANALYSIS = YES;
				CLANG_WARN_STRICT_PROTOTYPES = YES;
				CLANG_WARN_SUSPICIOUS_MOVE = YES;
				CLANG_WARN_UNGUARDED_AVAILABILITY = YES_AGGRESSIVE;
				CLANG_WARN_UNREACHABLE_CODE = YES;
				CLANG_WARN__DUPLICATE_METHOD_MATCH = YES;
				COPY_PHASE_STRIP = NO;
				DEBUG_INFORMATION_FORMAT = "dwarf-with-dsym";
				ENABLE_NS_ASSERTIONS = NO;
				ENABLE_STRICT_OBJC_MSGSEND = YES;
				GCC_C_LANGUAGE_STANDARD = gnu11;
				GCC_NO_COMMON_BLOCKS = YES;
				GCC_WARN_64_TO_32_BIT_CONVERSION = YES;
				GCC_WARN_ABOUT_RETURN_TYPE = YES_ERROR;
				GCC_WARN_UNDECLARED_SELECTOR = YES;
				GCC_WARN_UNINITIALIZED_AUTOS = YES_AGGRESSIVE;
				GCC_WARN_UNUSED_FUNCTION = YES;
				GCC_WARN_UNUSED_VARIABLE = YES;
				IPHONEOS_DEPLOYMENT_TARGET = 15.5;
				MTL_ENABLE_DEBUG_INFO = NO;
				MTL_FAST_MATH = YES;
				SDKROOT = iphoneos;
				SWIFT_COMPILATION_MODE = wholemodule;
				SWIFT_OPTIMIZATION_LEVEL = "-O";
				VALIDATE_PRODUCT = YES;
			};
			name = Release;
		};
		4195301F284FC5EB00EDF104 /* Debug */ = {
			isa = XCBuildConfiguration;
			buildSettings = {
				ALWAYS_EMBED_SWIFT_STANDARD_LIBRARIES = YES;
				ASSETCATALOG_COMPILER_APPICON_NAME = AppIcon;
				ASSETCATALOG_COMPILER_GLOBAL_ACCENT_COLOR_NAME = AccentColor;
				CODE_SIGN_ENTITLEMENTS = DailyFocus/DailyFocus.entitlements;
				CODE_SIGN_STYLE = Automatic;
				CURRENT_PROJECT_VERSION = 1;
				DEVELOPMENT_ASSET_PATHS = "\"DailyFocus/Preview Content\"";
				DEVELOPMENT_TEAM = 56F54J4H3N;
				ENABLE_PREVIEWS = YES;
				GENERATE_INFOPLIST_FILE = YES;
				INFOPLIST_FILE = DailyFocus/Info.plist;
				INFOPLIST_KEY_UIApplicationSceneManifest_Generation = YES;
				INFOPLIST_KEY_UIApplicationSupportsIndirectInputEvents = YES;
				INFOPLIST_KEY_UILaunchScreen_Generation = YES;
				INFOPLIST_KEY_UISupportedInterfaceOrientations_iPad = "UIInterfaceOrientationPortrait UIInterfaceOrientationPortraitUpsideDown UIInterfaceOrientationLandscapeLeft UIInterfaceOrientationLandscapeRight";
				INFOPLIST_KEY_UISupportedInterfaceOrientations_iPhone = "UIInterfaceOrientationPortrait UIInterfaceOrientationLandscapeLeft UIInterfaceOrientationLandscapeRight";
				IPHONEOS_DEPLOYMENT_TARGET = 15.5;
				LD_RUNPATH_SEARCH_PATHS = (
					"$(inherited)",
					"@executable_path/Frameworks",
				);
				MARKETING_VERSION = 1.0;
				PRODUCT_BUNDLE_IDENTIFIER = com.mobilesoftwareservices.DailyFocus;
				PRODUCT_NAME = "$(TARGET_NAME)";
				SWIFT_EMIT_LOC_STRINGS = YES;
				SWIFT_VERSION = 5.0;
				TARGETED_DEVICE_FAMILY = "1,2";
			};
			name = Debug;
		};
		41953020284FC5EB00EDF104 /* Release */ = {
			isa = XCBuildConfiguration;
			buildSettings = {
				ALWAYS_EMBED_SWIFT_STANDARD_LIBRARIES = YES;
				ASSETCATALOG_COMPILER_APPICON_NAME = AppIcon;
				ASSETCATALOG_COMPILER_GLOBAL_ACCENT_COLOR_NAME = AccentColor;
				CODE_SIGN_ENTITLEMENTS = DailyFocus/DailyFocus.entitlements;
				CODE_SIGN_STYLE = Automatic;
				CURRENT_PROJECT_VERSION = 1;
				DEVELOPMENT_ASSET_PATHS = "\"DailyFocus/Preview Content\"";
				DEVELOPMENT_TEAM = 56F54J4H3N;
				ENABLE_PREVIEWS = YES;
				GENERATE_INFOPLIST_FILE = YES;
				INFOPLIST_FILE = DailyFocus/Info.plist;
				INFOPLIST_KEY_UIApplicationSceneManifest_Generation = YES;
				INFOPLIST_KEY_UIApplicationSupportsIndirectInputEvents = YES;
				INFOPLIST_KEY_UILaunchScreen_Generation = YES;
				INFOPLIST_KEY_UISupportedInterfaceOrientations_iPad = "UIInterfaceOrientationPortrait UIInterfaceOrientationPortraitUpsideDown UIInterfaceOrientationLandscapeLeft UIInterfaceOrientationLandscapeRight";
				INFOPLIST_KEY_UISupportedInterfaceOrientations_iPhone = "UIInterfaceOrientationPortrait UIInterfaceOrientationLandscapeLeft UIInterfaceOrientationLandscapeRight";
				IPHONEOS_DEPLOYMENT_TARGET = 15.5;
				LD_RUNPATH_SEARCH_PATHS = (
					"$(inherited)",
					"@executable_path/Frameworks",
				);
				MARKETING_VERSION = 1.0;
				PRODUCT_BUNDLE_IDENTIFIER = com.mobilesoftwareservices.DailyFocus;
				PRODUCT_NAME = "$(TARGET_NAME)";
				SWIFT_EMIT_LOC_STRINGS = YES;
				SWIFT_VERSION = 5.0;
				TARGETED_DEVICE_FAMILY = "1,2";
			};
			name = Release;
		};
		4D2239E829431ADB000BA256 /* Debug */ = {
			isa = XCBuildConfiguration;
			buildSettings = {
				ASSETCATALOG_COMPILER_GLOBAL_ACCENT_COLOR_NAME = AccentColor;
				ASSETCATALOG_COMPILER_WIDGET_BACKGROUND_COLOR_NAME = WidgetBackground;
				CLANG_CXX_LANGUAGE_STANDARD = "gnu++20";
				CODE_SIGN_ENTITLEMENTS = DailyFocusWidgetExtension.entitlements;
				CODE_SIGN_STYLE = Automatic;
				CURRENT_PROJECT_VERSION = 1;
				DEVELOPMENT_TEAM = 56F54J4H3N;
				GENERATE_INFOPLIST_FILE = YES;
				INFOPLIST_FILE = DailyFocusWidget/Info.plist;
				INFOPLIST_KEY_CFBundleDisplayName = DailyFocusWidget;
				INFOPLIST_KEY_NSHumanReadableCopyright = "";
				IPHONEOS_DEPLOYMENT_TARGET = 16.1;
				LD_RUNPATH_SEARCH_PATHS = (
					"$(inherited)",
					"@executable_path/Frameworks",
					"@executable_path/../../Frameworks",
				);
				MARKETING_VERSION = 1.0;
				PRODUCT_BUNDLE_IDENTIFIER = com.mobilesoftwareservices.DailyFocus.DailyFocusWidget;
				PRODUCT_NAME = "$(TARGET_NAME)";
				SKIP_INSTALL = YES;
				SWIFT_EMIT_LOC_STRINGS = YES;
				SWIFT_VERSION = 5.0;
				TARGETED_DEVICE_FAMILY = "1,2";
			};
			name = Debug;
		};
		4D2239E929431ADB000BA256 /* Release */ = {
			isa = XCBuildConfiguration;
			buildSettings = {
				ASSETCATALOG_COMPILER_GLOBAL_ACCENT_COLOR_NAME = AccentColor;
				ASSETCATALOG_COMPILER_WIDGET_BACKGROUND_COLOR_NAME = WidgetBackground;
				CLANG_CXX_LANGUAGE_STANDARD = "gnu++20";
				CODE_SIGN_ENTITLEMENTS = DailyFocusWidgetExtension.entitlements;
				CODE_SIGN_STYLE = Automatic;
				CURRENT_PROJECT_VERSION = 1;
				DEVELOPMENT_TEAM = 56F54J4H3N;
				GENERATE_INFOPLIST_FILE = YES;
				INFOPLIST_FILE = DailyFocusWidget/Info.plist;
				INFOPLIST_KEY_CFBundleDisplayName = DailyFocusWidget;
				INFOPLIST_KEY_NSHumanReadableCopyright = "";
				IPHONEOS_DEPLOYMENT_TARGET = 16.1;
				LD_RUNPATH_SEARCH_PATHS = (
					"$(inherited)",
					"@executable_path/Frameworks",
					"@executable_path/../../Frameworks",
				);
				MARKETING_VERSION = 1.0;
				PRODUCT_BUNDLE_IDENTIFIER = com.mobilesoftwareservices.DailyFocus.DailyFocusWidget;
				PRODUCT_NAME = "$(TARGET_NAME)";
				SKIP_INSTALL = YES;
				SWIFT_EMIT_LOC_STRINGS = YES;
				SWIFT_VERSION = 5.0;
				TARGETED_DEVICE_FAMILY = "1,2";
			};
			name = Release;
		};
/* End XCBuildConfiguration section */

/* Begin XCConfigurationList section */
		411027AC2891DB7B0084B93F /* Build configuration list for PBXNativeTarget "DailyFocusUITests" */ = {
			isa = XCConfigurationList;
			buildConfigurations = (
				411027AD2891DB7B0084B93F /* Debug */,
				411027AE2891DB7B0084B93F /* Release */,
			);
			defaultConfigurationIsVisible = 0;
			defaultConfigurationName = Release;
		};
		417FE13F2888528500F23E2E /* Build configuration list for PBXNativeTarget "DailyFocusTests" */ = {
			isa = XCConfigurationList;
			buildConfigurations = (
				417FE13D2888528500F23E2E /* Debug */,
				417FE13E2888528500F23E2E /* Release */,
			);
			defaultConfigurationIsVisible = 0;
			defaultConfigurationName = Release;
		};
		4195300B284FC5E100EDF104 /* Build configuration list for PBXProject "DailyFocus" */ = {
			isa = XCConfigurationList;
			buildConfigurations = (
				4195301C284FC5EB00EDF104 /* Debug */,
				4195301D284FC5EB00EDF104 /* Release */,
			);
			defaultConfigurationIsVisible = 0;
			defaultConfigurationName = Release;
		};
		4195301E284FC5EB00EDF104 /* Build configuration list for PBXNativeTarget "DailyFocus" */ = {
			isa = XCConfigurationList;
			buildConfigurations = (
				4195301F284FC5EB00EDF104 /* Debug */,
				41953020284FC5EB00EDF104 /* Release */,
			);
			defaultConfigurationIsVisible = 0;
			defaultConfigurationName = Release;
		};
		4D2239EA29431ADB000BA256 /* Build configuration list for PBXNativeTarget "DailyFocusWidgetExtension" */ = {
			isa = XCConfigurationList;
			buildConfigurations = (
				4D2239E829431ADB000BA256 /* Debug */,
				4D2239E929431ADB000BA256 /* Release */,
			);
			defaultConfigurationIsVisible = 0;
			defaultConfigurationName = Release;
		};
/* End XCConfigurationList section */

/* Begin XCVersionGroup section */
		41953021284FCFB500EDF104 /* Main.xcdatamodeld */ = {
			isa = XCVersionGroup;
			children = (
				41953022284FCFB600EDF104 /* Main.xcdatamodel */,
			);
			currentVersion = 41953022284FCFB600EDF104 /* Main.xcdatamodel */;
			path = Main.xcdatamodeld;
			sourceTree = "<group>";
			versionGroupType = wrapper.xcdatamodel;
		};
/* End XCVersionGroup section */
	};
	rootObject = 41953008284FC5E000EDF104 /* Project object */;
}
