// !$*UTF8*$!
{
	archiveVersion = 1;
	classes = {
	};
	objectVersion = 55;
	objects = {

/* Begin PBXBuildFile section */
		410983DF286CC94E00745B84 /* Sequence-Sorting.swift in Sources */ = {isa = PBXBuildFile; fileRef = 410983DE286CC94E00745B84 /* Sequence-Sorting.swift */; };
		4146F519287C6220007680E2 /* Color-Additions.swift in Sources */ = {isa = PBXBuildFile; fileRef = 4146F518287C621F007680E2 /* Color-Additions.swift */; };
		4147C553285B5870001CE424 /* EditItemView.swift in Sources */ = {isa = PBXBuildFile; fileRef = 4147C552285B5870001CE424 /* EditItemView.swift */; };
		4147C555285B62C0001CE424 /* ItemRowView.swift in Sources */ = {isa = PBXBuildFile; fileRef = 4147C554285B62C0001CE424 /* ItemRowView.swift */; };
		4147C557285B6901001CE424 /* Binding-OnChange.swift in Sources */ = {isa = PBXBuildFile; fileRef = 4147C556285B6901001CE424 /* Binding-OnChange.swift */; };
		415F662D2885E5780029F1D4 /* ItemListView.swift in Sources */ = {isa = PBXBuildFile; fileRef = 415F662C2885E5770029F1D4 /* ItemListView.swift */; };
		415F662F2885E9A60029F1D4 /* ProjectSummaryView.swift in Sources */ = {isa = PBXBuildFile; fileRef = 415F662E2885E9A60029F1D4 /* ProjectSummaryView.swift */; };
		416E9305285CA98200188473 /* ProjectHeaderView.swift in Sources */ = {isa = PBXBuildFile; fileRef = 416E9304285CA98200188473 /* ProjectHeaderView.swift */; };
		416E9307285CAEEC00188473 /* Colors.xcassets in Resources */ = {isa = PBXBuildFile; fileRef = 416E9306285CAEEC00188473 /* Colors.xcassets */; };
		416E9309285CB53500188473 /* EditProjectView.swift in Sources */ = {isa = PBXBuildFile; fileRef = 416E9308285CB53500188473 /* EditProjectView.swift */; };
		4183B64A28808B32002A78A2 /* Localizable.strings in Resources */ = {isa = PBXBuildFile; fileRef = 4183B64C28808B32002A78A2 /* Localizable.strings */; };
		4183B64D28808C22002A78A2 /* Localizable.stringsdict in Resources */ = {isa = PBXBuildFile; fileRef = 4183B64F28808C22002A78A2 /* Localizable.stringsdict */; };
		4183B65028809AEE002A78A2 /* Awards.json in Resources */ = {isa = PBXBuildFile; fileRef = 4183B65228809AEE002A78A2 /* Awards.json */; };
		419158AB2850F5AE006A77CE /* ProjectsView.swift in Sources */ = {isa = PBXBuildFile; fileRef = 419158AA2850F5AE006A77CE /* ProjectsView.swift */; };
		419307DC2877424500D172E7 /* Bundle-Decodable.swfit.swift in Sources */ = {isa = PBXBuildFile; fileRef = 419307DB2877424500D172E7 /* Bundle-Decodable.swfit.swift */; };
		419307E028775B5500D172E7 /* Award.swift in Sources */ = {isa = PBXBuildFile; fileRef = 419307DF28775B5500D172E7 /* Award.swift */; };
		419307E228775C4700D172E7 /* AwardsView.swift in Sources */ = {isa = PBXBuildFile; fileRef = 419307E128775C4700D172E7 /* AwardsView.swift */; };
		41953014284FC5E100EDF104 /* DailyFocusApp.swift in Sources */ = {isa = PBXBuildFile; fileRef = 41953013284FC5E100EDF104 /* DailyFocusApp.swift */; };
		41953016284FC5E100EDF104 /* ContentView.swift in Sources */ = {isa = PBXBuildFile; fileRef = 41953015284FC5E100EDF104 /* ContentView.swift */; };
		41953018284FC5EB00EDF104 /* Assets.xcassets in Resources */ = {isa = PBXBuildFile; fileRef = 41953017284FC5EB00EDF104 /* Assets.xcassets */; };
		4195301B284FC5EB00EDF104 /* Preview Assets.xcassets in Resources */ = {isa = PBXBuildFile; fileRef = 4195301A284FC5EB00EDF104 /* Preview Assets.xcassets */; };
		41953023284FCFB800EDF104 /* Main.xcdatamodeld in Sources */ = {isa = PBXBuildFile; fileRef = 41953021284FCFB500EDF104 /* Main.xcdatamodeld */; };
		41953025284FD44000EDF104 /* DataController.swift in Sources */ = {isa = PBXBuildFile; fileRef = 41953024284FD43F00EDF104 /* DataController.swift */; };
		4195302A284FE07100EDF104 /* CloudKit.framework in Frameworks */ = {isa = PBXBuildFile; fileRef = 41953029284FE07100EDF104 /* CloudKit.framework */; };
		4198FDDA2859F8C500A5EAF7 /* Item-CoreDataHelpers.swift in Sources */ = {isa = PBXBuildFile; fileRef = 4198FDD92859F8C500A5EAF7 /* Item-CoreDataHelpers.swift */; };
		4198FDDC2859FFB300A5EAF7 /* Project-CoreDataHelpers.swift in Sources */ = {isa = PBXBuildFile; fileRef = 4198FDDB2859FFB300A5EAF7 /* Project-CoreDataHelpers.swift */; };
		419B2CF72876229000E45522 /* SelectSomethingView.swift in Sources */ = {isa = PBXBuildFile; fileRef = 419B2CF62876228F00E45522 /* SelectSomethingView.swift */; };
		41A470F02850EA4000062DA7 /* HomeView.swift in Sources */ = {isa = PBXBuildFile; fileRef = 41A470EF2850EA4000062DA7 /* HomeView.swift */; };
/* End PBXBuildFile section */

/* Begin PBXFileReference section */
		410983DE286CC94E00745B84 /* Sequence-Sorting.swift */ = {isa = PBXFileReference; lastKnownFileType = sourcecode.swift; path = "Sequence-Sorting.swift"; sourceTree = "<group>"; };
		4146F518287C621F007680E2 /* Color-Additions.swift */ = {isa = PBXFileReference; lastKnownFileType = sourcecode.swift; path = "Color-Additions.swift"; sourceTree = "<group>"; };
		4147C552285B5870001CE424 /* EditItemView.swift */ = {isa = PBXFileReference; lastKnownFileType = sourcecode.swift; path = EditItemView.swift; sourceTree = "<group>"; };
		4147C554285B62C0001CE424 /* ItemRowView.swift */ = {isa = PBXFileReference; lastKnownFileType = sourcecode.swift; path = ItemRowView.swift; sourceTree = "<group>"; };
		4147C556285B6901001CE424 /* Binding-OnChange.swift */ = {isa = PBXFileReference; lastKnownFileType = sourcecode.swift; path = "Binding-OnChange.swift"; sourceTree = "<group>"; };
		415F662C2885E5770029F1D4 /* ItemListView.swift */ = {isa = PBXFileReference; lastKnownFileType = sourcecode.swift; path = ItemListView.swift; sourceTree = "<group>"; };
		415F662E2885E9A60029F1D4 /* ProjectSummaryView.swift */ = {isa = PBXFileReference; lastKnownFileType = sourcecode.swift; path = ProjectSummaryView.swift; sourceTree = "<group>"; };
		416E9304285CA98200188473 /* ProjectHeaderView.swift */ = {isa = PBXFileReference; lastKnownFileType = sourcecode.swift; path = ProjectHeaderView.swift; sourceTree = "<group>"; };
		416E9306285CAEEC00188473 /* Colors.xcassets */ = {isa = PBXFileReference; lastKnownFileType = folder.assetcatalog; path = Colors.xcassets; sourceTree = "<group>"; };
		416E9308285CB53500188473 /* EditProjectView.swift */ = {isa = PBXFileReference; lastKnownFileType = sourcecode.swift; path = EditProjectView.swift; sourceTree = "<group>"; };
		4183B64B28808B32002A78A2 /* hu */ = {isa = PBXFileReference; lastKnownFileType = text.plist.strings; name = hu; path = hu.lproj/Localizable.strings; sourceTree = "<group>"; };
		4183B64E28808C22002A78A2 /* hu */ = {isa = PBXFileReference; lastKnownFileType = text.plist.stringsdict; name = hu; path = hu.lproj/Localizable.stringsdict; sourceTree = "<group>"; };
		4183B65128809AEE002A78A2 /* hu */ = {isa = PBXFileReference; lastKnownFileType = text.json; name = hu; path = hu.lproj/Awards.json; sourceTree = "<group>"; };
		4183B65328809D55002A78A2 /* en */ = {isa = PBXFileReference; lastKnownFileType = text.plist.strings; name = en; path = en.lproj/Localizable.strings; sourceTree = "<group>"; };
		4183B65428809D63002A78A2 /* en */ = {isa = PBXFileReference; lastKnownFileType = text.plist.stringsdict; name = en; path = en.lproj/Localizable.stringsdict; sourceTree = "<group>"; };
		4183B65528809DA5002A78A2 /* en */ = {isa = PBXFileReference; lastKnownFileType = text.json; name = en; path = en.lproj/Awards.json; sourceTree = "<group>"; };
		419158AA2850F5AE006A77CE /* ProjectsView.swift */ = {isa = PBXFileReference; lastKnownFileType = sourcecode.swift; path = ProjectsView.swift; sourceTree = "<group>"; };
		419307DB2877424500D172E7 /* Bundle-Decodable.swfit.swift */ = {isa = PBXFileReference; lastKnownFileType = sourcecode.swift; path = "Bundle-Decodable.swfit.swift"; sourceTree = "<group>"; };
		419307DF28775B5500D172E7 /* Award.swift */ = {isa = PBXFileReference; lastKnownFileType = sourcecode.swift; path = Award.swift; sourceTree = "<group>"; };
		419307E128775C4700D172E7 /* AwardsView.swift */ = {isa = PBXFileReference; lastKnownFileType = sourcecode.swift; path = AwardsView.swift; sourceTree = "<group>"; };
		41953010284FC5E100EDF104 /* DailyFocus.app */ = {isa = PBXFileReference; explicitFileType = wrapper.application; includeInIndex = 0; path = DailyFocus.app; sourceTree = BUILT_PRODUCTS_DIR; };
		41953013284FC5E100EDF104 /* DailyFocusApp.swift */ = {isa = PBXFileReference; lastKnownFileType = sourcecode.swift; path = DailyFocusApp.swift; sourceTree = "<group>"; };
		41953015284FC5E100EDF104 /* ContentView.swift */ = {isa = PBXFileReference; lastKnownFileType = sourcecode.swift; path = ContentView.swift; sourceTree = "<group>"; };
		41953017284FC5EB00EDF104 /* Assets.xcassets */ = {isa = PBXFileReference; lastKnownFileType = folder.assetcatalog; path = Assets.xcassets; sourceTree = "<group>"; };
		4195301A284FC5EB00EDF104 /* Preview Assets.xcassets */ = {isa = PBXFileReference; lastKnownFileType = folder.assetcatalog; path = "Preview Assets.xcassets"; sourceTree = "<group>"; };
		41953022284FCFB600EDF104 /* Main.xcdatamodel */ = {isa = PBXFileReference; lastKnownFileType = wrapper.xcdatamodel; path = Main.xcdatamodel; sourceTree = "<group>"; };
		41953024284FD43F00EDF104 /* DataController.swift */ = {isa = PBXFileReference; lastKnownFileType = sourcecode.swift; path = DataController.swift; sourceTree = "<group>"; };
		41953026284FE04100EDF104 /* DailyFocus.entitlements */ = {isa = PBXFileReference; lastKnownFileType = text.plist.entitlements; path = DailyFocus.entitlements; sourceTree = "<group>"; };
		41953027284FE05200EDF104 /* Info.plist */ = {isa = PBXFileReference; lastKnownFileType = text.plist; path = Info.plist; sourceTree = "<group>"; };
		41953029284FE07100EDF104 /* CloudKit.framework */ = {isa = PBXFileReference; lastKnownFileType = wrapper.framework; name = CloudKit.framework; path = System/Library/Frameworks/CloudKit.framework; sourceTree = SDKROOT; };
		4198FDD92859F8C500A5EAF7 /* Item-CoreDataHelpers.swift */ = {isa = PBXFileReference; lastKnownFileType = sourcecode.swift; path = "Item-CoreDataHelpers.swift"; sourceTree = "<group>"; };
		4198FDDB2859FFB300A5EAF7 /* Project-CoreDataHelpers.swift */ = {isa = PBXFileReference; lastKnownFileType = sourcecode.swift; path = "Project-CoreDataHelpers.swift"; sourceTree = "<group>"; };
		419B2CF62876228F00E45522 /* SelectSomethingView.swift */ = {isa = PBXFileReference; lastKnownFileType = sourcecode.swift; path = SelectSomethingView.swift; sourceTree = "<group>"; };
		41A470EF2850EA4000062DA7 /* HomeView.swift */ = {isa = PBXFileReference; lastKnownFileType = sourcecode.swift; path = HomeView.swift; sourceTree = "<group>"; };
/* End PBXFileReference section */

/* Begin PBXFrameworksBuildPhase section */
		4195300D284FC5E100EDF104 /* Frameworks */ = {
			isa = PBXFrameworksBuildPhase;
			buildActionMask = 2147483647;
			files = (
				4195302A284FE07100EDF104 /* CloudKit.framework in Frameworks */,
			);
			runOnlyForDeploymentPostprocessing = 0;
		};
/* End PBXFrameworksBuildPhase section */

/* Begin PBXGroup section */
		41953007284FC5E000EDF104 = {
			isa = PBXGroup;
			children = (
				41953012284FC5E100EDF104 /* DailyFocus */,
				41953011284FC5E100EDF104 /* Products */,
				41953028284FE07100EDF104 /* Frameworks */,
			);
			sourceTree = "<group>";
		};
		41953011284FC5E100EDF104 /* Products */ = {
			isa = PBXGroup;
			children = (
				41953010284FC5E100EDF104 /* DailyFocus.app */,
			);
			name = Products;
			sourceTree = "<group>";
		};
		41953012284FC5E100EDF104 /* DailyFocus */ = {
			isa = PBXGroup;
			children = (
				4183B65228809AEE002A78A2 /* Awards.json */,
				419307DF28775B5500D172E7 /* Award.swift */,
				419307E128775C4700D172E7 /* AwardsView.swift */,
				4146F518287C621F007680E2 /* Color-Additions.swift */,
				41953027284FE05200EDF104 /* Info.plist */,
				41953026284FE04100EDF104 /* DailyFocus.entitlements */,
				416E9308285CB53500188473 /* EditProjectView.swift */,
				41953013284FC5E100EDF104 /* DailyFocusApp.swift */,
				41953015284FC5E100EDF104 /* ContentView.swift */,
				4147C552285B5870001CE424 /* EditItemView.swift */,
				416E9304285CA98200188473 /* ProjectHeaderView.swift */,
				4147C556285B6901001CE424 /* Binding-OnChange.swift */,
				41A470EF2850EA4000062DA7 /* HomeView.swift */,
				415F662E2885E9A60029F1D4 /* ProjectSummaryView.swift */,
				415F662C2885E5770029F1D4 /* ItemListView.swift */,
				4183B64C28808B32002A78A2 /* Localizable.strings */,
				4183B64F28808C22002A78A2 /* Localizable.stringsdict */,
				419158AA2850F5AE006A77CE /* ProjectsView.swift */,
				419307DB2877424500D172E7 /* Bundle-Decodable.swfit.swift */,
				419B2CF62876228F00E45522 /* SelectSomethingView.swift */,
				4147C554285B62C0001CE424 /* ItemRowView.swift */,
				41953021284FCFB500EDF104 /* Main.xcdatamodeld */,
				41953024284FD43F00EDF104 /* DataController.swift */,
				41953017284FC5EB00EDF104 /* Assets.xcassets */,
				416E9306285CAEEC00188473 /* Colors.xcassets */,
				41953019284FC5EB00EDF104 /* Preview Content */,
				4198FDD92859F8C500A5EAF7 /* Item-CoreDataHelpers.swift */,
				4198FDDB2859FFB300A5EAF7 /* Project-CoreDataHelpers.swift */,
				410983DE286CC94E00745B84 /* Sequence-Sorting.swift */,
			);
			path = DailyFocus;
			sourceTree = "<group>";
		};
		41953019284FC5EB00EDF104 /* Preview Content */ = {
			isa = PBXGroup;
			children = (
				4195301A284FC5EB00EDF104 /* Preview Assets.xcassets */,
			);
			path = "Preview Content";
			sourceTree = "<group>";
		};
		41953028284FE07100EDF104 /* Frameworks */ = {
			isa = PBXGroup;
			children = (
				41953029284FE07100EDF104 /* CloudKit.framework */,
			);
			name = Frameworks;
			sourceTree = "<group>";
		};
/* End PBXGroup section */

/* Begin PBXNativeTarget section */
		4195300F284FC5E100EDF104 /* DailyFocus */ = {
			isa = PBXNativeTarget;
			buildConfigurationList = 4195301E284FC5EB00EDF104 /* Build configuration list for PBXNativeTarget "DailyFocus" */;
			buildPhases = (
				4195300C284FC5E100EDF104 /* Sources */,
				4195300D284FC5E100EDF104 /* Frameworks */,
				4195300E284FC5E100EDF104 /* Resources */,
			);
			buildRules = (
			);
			dependencies = (
			);
			name = DailyFocus;
			productName = DailyFocus;
			productReference = 41953010284FC5E100EDF104 /* DailyFocus.app */;
			productType = "com.apple.product-type.application";
		};
/* End PBXNativeTarget section */

/* Begin PBXProject section */
		41953008284FC5E000EDF104 /* Project object */ = {
			isa = PBXProject;
			attributes = {
				BuildIndependentTargetsInParallel = 1;
				LastSwiftUpdateCheck = 1340;
				LastUpgradeCheck = 1340;
				TargetAttributes = {
					4195300F284FC5E100EDF104 = {
						CreatedOnToolsVersion = 13.4.1;
					};
				};
			};
			buildConfigurationList = 4195300B284FC5E100EDF104 /* Build configuration list for PBXProject "DailyFocus" */;
			compatibilityVersion = "Xcode 13.0";
			developmentRegion = en;
			hasScannedForEncodings = 0;
			knownRegions = (
				en,
				hu,
				Base,
			);
			mainGroup = 41953007284FC5E000EDF104;
			productRefGroup = 41953011284FC5E100EDF104 /* Products */;
			projectDirPath = "";
			projectRoot = "";
			targets = (
				4195300F284FC5E100EDF104 /* DailyFocus */,
			);
		};
/* End PBXProject section */

/* Begin PBXResourcesBuildPhase section */
		4195300E284FC5E100EDF104 /* Resources */ = {
			isa = PBXResourcesBuildPhase;
			buildActionMask = 2147483647;
			files = (
				4183B64A28808B32002A78A2 /* Localizable.strings in Resources */,
				416E9307285CAEEC00188473 /* Colors.xcassets in Resources */,
				4183B65028809AEE002A78A2 /* Awards.json in Resources */,
				4195301B284FC5EB00EDF104 /* Preview Assets.xcassets in Resources */,
				41953018284FC5EB00EDF104 /* Assets.xcassets in Resources */,
				4183B64D28808C22002A78A2 /* Localizable.stringsdict in Resources */,
			);
			runOnlyForDeploymentPostprocessing = 0;
		};
/* End PBXResourcesBuildPhase section */

/* Begin PBXSourcesBuildPhase section */
		4195300C284FC5E100EDF104 /* Sources */ = {
			isa = PBXSourcesBuildPhase;
			buildActionMask = 2147483647;
			files = (
				419158AB2850F5AE006A77CE /* ProjectsView.swift in Sources */,
				415F662F2885E9A60029F1D4 /* ProjectSummaryView.swift in Sources */,
				416E9305285CA98200188473 /* ProjectHeaderView.swift in Sources */,
				419307E228775C4700D172E7 /* AwardsView.swift in Sources */,
				41953023284FCFB800EDF104 /* Main.xcdatamodeld in Sources */,
				4198FDDC2859FFB300A5EAF7 /* Project-CoreDataHelpers.swift in Sources */,
				4146F519287C6220007680E2 /* Color-Additions.swift in Sources */,
				416E9309285CB53500188473 /* EditProjectView.swift in Sources */,
				41953025284FD44000EDF104 /* DataController.swift in Sources */,
				419B2CF72876229000E45522 /* SelectSomethingView.swift in Sources */,
				419307E028775B5500D172E7 /* Award.swift in Sources */,
				4147C555285B62C0001CE424 /* ItemRowView.swift in Sources */,
				41953016284FC5E100EDF104 /* ContentView.swift in Sources */,
				4147C557285B6901001CE424 /* Binding-OnChange.swift in Sources */,
				410983DF286CC94E00745B84 /* Sequence-Sorting.swift in Sources */,
				41A470F02850EA4000062DA7 /* HomeView.swift in Sources */,
				415F662D2885E5780029F1D4 /* ItemListView.swift in Sources */,
				419307DC2877424500D172E7 /* Bundle-Decodable.swfit.swift in Sources */,
				41953014284FC5E100EDF104 /* DailyFocusApp.swift in Sources */,
				4198FDDA2859F8C500A5EAF7 /* Item-CoreDataHelpers.swift in Sources */,
				4147C553285B5870001CE424 /* EditItemView.swift in Sources */,
			);
			runOnlyForDeploymentPostprocessing = 0;
		};
/* End PBXSourcesBuildPhase section */

/* Begin PBXVariantGroup section */
		4183B64C28808B32002A78A2 /* Localizable.strings */ = {
			isa = PBXVariantGroup;
			children = (
				4183B64B28808B32002A78A2 /* hu */,
				4183B65328809D55002A78A2 /* en */,
			);
			name = Localizable.strings;
			sourceTree = "<group>";
		};
		4183B64F28808C22002A78A2 /* Localizable.stringsdict */ = {
			isa = PBXVariantGroup;
			children = (
				4183B64E28808C22002A78A2 /* hu */,
				4183B65428809D63002A78A2 /* en */,
			);
			name = Localizable.stringsdict;
			sourceTree = "<group>";
		};
		4183B65228809AEE002A78A2 /* Awards.json */ = {
			isa = PBXVariantGroup;
			children = (
				4183B65128809AEE002A78A2 /* hu */,
				4183B65528809DA5002A78A2 /* en */,
			);
			name = Awards.json;
			sourceTree = "<group>";
		};
/* End PBXVariantGroup section */

/* Begin XCBuildConfiguration section */
		4195301C284FC5EB00EDF104 /* Debug */ = {
			isa = XCBuildConfiguration;
			buildSettings = {
				ALWAYS_SEARCH_USER_PATHS = NO;
				CLANG_ANALYZER_NONNULL = YES;
				CLANG_ANALYZER_NUMBER_OBJECT_CONVERSION = YES_AGGRESSIVE;
				CLANG_CXX_LANGUAGE_STANDARD = "gnu++17";
				CLANG_ENABLE_MODULES = YES;
				CLANG_ENABLE_OBJC_ARC = YES;
				CLANG_ENABLE_OBJC_WEAK = YES;
				CLANG_WARN_BLOCK_CAPTURE_AUTORELEASING = YES;
				CLANG_WARN_BOOL_CONVERSION = YES;
				CLANG_WARN_COMMA = YES;
				CLANG_WARN_CONSTANT_CONVERSION = YES;
				CLANG_WARN_DEPRECATED_OBJC_IMPLEMENTATIONS = YES;
				CLANG_WARN_DIRECT_OBJC_ISA_USAGE = YES_ERROR;
				CLANG_WARN_DOCUMENTATION_COMMENTS = YES;
				CLANG_WARN_EMPTY_BODY = YES;
				CLANG_WARN_ENUM_CONVERSION = YES;
				CLANG_WARN_INFINITE_RECURSION = YES;
				CLANG_WARN_INT_CONVERSION = YES;
				CLANG_WARN_NON_LITERAL_NULL_CONVERSION = YES;
				CLANG_WARN_OBJC_IMPLICIT_RETAIN_SELF = YES;
				CLANG_WARN_OBJC_LITERAL_CONVERSION = YES;
				CLANG_WARN_OBJC_ROOT_CLASS = YES_ERROR;
				CLANG_WARN_QUOTED_INCLUDE_IN_FRAMEWORK_HEADER = YES;
				CLANG_WARN_RANGE_LOOP_ANALYSIS = YES;
				CLANG_WARN_STRICT_PROTOTYPES = YES;
				CLANG_WARN_SUSPICIOUS_MOVE = YES;
				CLANG_WARN_UNGUARDED_AVAILABILITY = YES_AGGRESSIVE;
				CLANG_WARN_UNREACHABLE_CODE = YES;
				CLANG_WARN__DUPLICATE_METHOD_MATCH = YES;
				COPY_PHASE_STRIP = NO;
				DEBUG_INFORMATION_FORMAT = dwarf;
				ENABLE_STRICT_OBJC_MSGSEND = YES;
				ENABLE_TESTABILITY = YES;
				GCC_C_LANGUAGE_STANDARD = gnu11;
				GCC_DYNAMIC_NO_PIC = NO;
				GCC_NO_COMMON_BLOCKS = YES;
				GCC_OPTIMIZATION_LEVEL = 0;
				GCC_PREPROCESSOR_DEFINITIONS = (
					"DEBUG=1",
					"$(inherited)",
				);
				GCC_WARN_64_TO_32_BIT_CONVERSION = YES;
				GCC_WARN_ABOUT_RETURN_TYPE = YES_ERROR;
				GCC_WARN_UNDECLARED_SELECTOR = YES;
				GCC_WARN_UNINITIALIZED_AUTOS = YES_AGGRESSIVE;
				GCC_WARN_UNUSED_FUNCTION = YES;
				GCC_WARN_UNUSED_VARIABLE = YES;
				IPHONEOS_DEPLOYMENT_TARGET = 15.5;
				MTL_ENABLE_DEBUG_INFO = INCLUDE_SOURCE;
				MTL_FAST_MATH = YES;
				ONLY_ACTIVE_ARCH = YES;
				SDKROOT = iphoneos;
				SWIFT_ACTIVE_COMPILATION_CONDITIONS = DEBUG;
				SWIFT_OPTIMIZATION_LEVEL = "-Onone";
			};
			name = Debug;
		};
		4195301D284FC5EB00EDF104 /* Release */ = {
			isa = XCBuildConfiguration;
			buildSettings = {
				ALWAYS_SEARCH_USER_PATHS = NO;
				CLANG_ANALYZER_NONNULL = YES;
				CLANG_ANALYZER_NUMBER_OBJECT_CONVERSION = YES_AGGRESSIVE;
				CLANG_CXX_LANGUAGE_STANDARD = "gnu++17";
				CLANG_ENABLE_MODULES = YES;
				CLANG_ENABLE_OBJC_ARC = YES;
				CLANG_ENABLE_OBJC_WEAK = YES;
				CLANG_WARN_BLOCK_CAPTURE_AUTORELEASING = YES;
				CLANG_WARN_BOOL_CONVERSION = YES;
				CLANG_WARN_COMMA = YES;
				CLANG_WARN_CONSTANT_CONVERSION = YES;
				CLANG_WARN_DEPRECATED_OBJC_IMPLEMENTATIONS = YES;
				CLANG_WARN_DIRECT_OBJC_ISA_USAGE = YES_ERROR;
				CLANG_WARN_DOCUMENTATION_COMMENTS = YES;
				CLANG_WARN_EMPTY_BODY = YES;
				CLANG_WARN_ENUM_CONVERSION = YES;
				CLANG_WARN_INFINITE_RECURSION = YES;
				CLANG_WARN_INT_CONVERSION = YES;
				CLANG_WARN_NON_LITERAL_NULL_CONVERSION = YES;
				CLANG_WARN_OBJC_IMPLICIT_RETAIN_SELF = YES;
				CLANG_WARN_OBJC_LITERAL_CONVERSION = YES;
				CLANG_WARN_OBJC_ROOT_CLASS = YES_ERROR;
				CLANG_WARN_QUOTED_INCLUDE_IN_FRAMEWORK_HEADER = YES;
				CLANG_WARN_RANGE_LOOP_ANALYSIS = YES;
				CLANG_WARN_STRICT_PROTOTYPES = YES;
				CLANG_WARN_SUSPICIOUS_MOVE = YES;
				CLANG_WARN_UNGUARDED_AVAILABILITY = YES_AGGRESSIVE;
				CLANG_WARN_UNREACHABLE_CODE = YES;
				CLANG_WARN__DUPLICATE_METHOD_MATCH = YES;
				COPY_PHASE_STRIP = NO;
				DEBUG_INFORMATION_FORMAT = "dwarf-with-dsym";
				ENABLE_NS_ASSERTIONS = NO;
				ENABLE_STRICT_OBJC_MSGSEND = YES;
				GCC_C_LANGUAGE_STANDARD = gnu11;
				GCC_NO_COMMON_BLOCKS = YES;
				GCC_WARN_64_TO_32_BIT_CONVERSION = YES;
				GCC_WARN_ABOUT_RETURN_TYPE = YES_ERROR;
				GCC_WARN_UNDECLARED_SELECTOR = YES;
				GCC_WARN_UNINITIALIZED_AUTOS = YES_AGGRESSIVE;
				GCC_WARN_UNUSED_FUNCTION = YES;
				GCC_WARN_UNUSED_VARIABLE = YES;
				IPHONEOS_DEPLOYMENT_TARGET = 15.5;
				MTL_ENABLE_DEBUG_INFO = NO;
				MTL_FAST_MATH = YES;
				SDKROOT = iphoneos;
				SWIFT_COMPILATION_MODE = wholemodule;
				SWIFT_OPTIMIZATION_LEVEL = "-O";
				VALIDATE_PRODUCT = YES;
			};
			name = Release;
		};
		4195301F284FC5EB00EDF104 /* Debug */ = {
			isa = XCBuildConfiguration;
			buildSettings = {
				ASSETCATALOG_COMPILER_APPICON_NAME = AppIcon;
				ASSETCATALOG_COMPILER_GLOBAL_ACCENT_COLOR_NAME = AccentColor;
				CODE_SIGN_ENTITLEMENTS = DailyFocus/DailyFocus.entitlements;
				CODE_SIGN_STYLE = Automatic;
				CURRENT_PROJECT_VERSION = 1;
				DEVELOPMENT_ASSET_PATHS = "\"DailyFocus/Preview Content\"";
				DEVELOPMENT_TEAM = 56F54J4H3N;
				ENABLE_PREVIEWS = YES;
				GENERATE_INFOPLIST_FILE = YES;
				INFOPLIST_FILE = DailyFocus/Info.plist;
				INFOPLIST_KEY_UIApplicationSceneManifest_Generation = YES;
				INFOPLIST_KEY_UIApplicationSupportsIndirectInputEvents = YES;
				INFOPLIST_KEY_UILaunchScreen_Generation = YES;
				INFOPLIST_KEY_UISupportedInterfaceOrientations_iPad = "UIInterfaceOrientationPortrait UIInterfaceOrientationPortraitUpsideDown UIInterfaceOrientationLandscapeLeft UIInterfaceOrientationLandscapeRight";
				INFOPLIST_KEY_UISupportedInterfaceOrientations_iPhone = "UIInterfaceOrientationPortrait UIInterfaceOrientationLandscapeLeft UIInterfaceOrientationLandscapeRight";
				IPHONEOS_DEPLOYMENT_TARGET = 15.5;
				LD_RUNPATH_SEARCH_PATHS = (
					"$(inherited)",
					"@executable_path/Frameworks",
				);
				MARKETING_VERSION = 1.0;
				PRODUCT_BUNDLE_IDENTIFIER = com.mobilesoftwareservices.DailyFocus;
				PRODUCT_NAME = "$(TARGET_NAME)";
				SWIFT_EMIT_LOC_STRINGS = YES;
				SWIFT_VERSION = 5.0;
				TARGETED_DEVICE_FAMILY = "1,2";
			};
			name = Debug;
		};
		41953020284FC5EB00EDF104 /* Release */ = {
			isa = XCBuildConfiguration;
			buildSettings = {
				ASSETCATALOG_COMPILER_APPICON_NAME = AppIcon;
				ASSETCATALOG_COMPILER_GLOBAL_ACCENT_COLOR_NAME = AccentColor;
				CODE_SIGN_ENTITLEMENTS = DailyFocus/DailyFocus.entitlements;
				CODE_SIGN_STYLE = Automatic;
				CURRENT_PROJECT_VERSION = 1;
				DEVELOPMENT_ASSET_PATHS = "\"DailyFocus/Preview Content\"";
				DEVELOPMENT_TEAM = 56F54J4H3N;
				ENABLE_PREVIEWS = YES;
				GENERATE_INFOPLIST_FILE = YES;
				INFOPLIST_FILE = DailyFocus/Info.plist;
				INFOPLIST_KEY_UIApplicationSceneManifest_Generation = YES;
				INFOPLIST_KEY_UIApplicationSupportsIndirectInputEvents = YES;
				INFOPLIST_KEY_UILaunchScreen_Generation = YES;
				INFOPLIST_KEY_UISupportedInterfaceOrientations_iPad = "UIInterfaceOrientationPortrait UIInterfaceOrientationPortraitUpsideDown UIInterfaceOrientationLandscapeLeft UIInterfaceOrientationLandscapeRight";
				INFOPLIST_KEY_UISupportedInterfaceOrientations_iPhone = "UIInterfaceOrientationPortrait UIInterfaceOrientationLandscapeLeft UIInterfaceOrientationLandscapeRight";
				IPHONEOS_DEPLOYMENT_TARGET = 15.5;
				LD_RUNPATH_SEARCH_PATHS = (
					"$(inherited)",
					"@executable_path/Frameworks",
				);
				MARKETING_VERSION = 1.0;
				PRODUCT_BUNDLE_IDENTIFIER = com.mobilesoftwareservices.DailyFocus;
				PRODUCT_NAME = "$(TARGET_NAME)";
				SWIFT_EMIT_LOC_STRINGS = YES;
				SWIFT_VERSION = 5.0;
				TARGETED_DEVICE_FAMILY = "1,2";
			};
			name = Release;
		};
/* End XCBuildConfiguration section */

/* Begin XCConfigurationList section */
		4195300B284FC5E100EDF104 /* Build configuration list for PBXProject "DailyFocus" */ = {
			isa = XCConfigurationList;
			buildConfigurations = (
				4195301C284FC5EB00EDF104 /* Debug */,
				4195301D284FC5EB00EDF104 /* Release */,
			);
			defaultConfigurationIsVisible = 0;
			defaultConfigurationName = Release;
		};
		4195301E284FC5EB00EDF104 /* Build configuration list for PBXNativeTarget "DailyFocus" */ = {
			isa = XCConfigurationList;
			buildConfigurations = (
				4195301F284FC5EB00EDF104 /* Debug */,
				41953020284FC5EB00EDF104 /* Release */,
			);
			defaultConfigurationIsVisible = 0;
			defaultConfigurationName = Release;
		};
/* End XCConfigurationList section */

/* Begin XCVersionGroup section */
		41953021284FCFB500EDF104 /* Main.xcdatamodeld */ = {
			isa = XCVersionGroup;
			children = (
				41953022284FCFB600EDF104 /* Main.xcdatamodel */,
			);
			currentVersion = 41953022284FCFB600EDF104 /* Main.xcdatamodel */;
			path = Main.xcdatamodeld;
			sourceTree = "<group>";
			versionGroupType = wrapper.xcdatamodel;
		};
/* End XCVersionGroup section */
	};
	rootObject = 41953008284FC5E000EDF104 /* Project object */;
}
